// !$*UTF8*$!
{
	archiveVersion = 1;
	classes = {
	};
	objectVersion = 56;
	objects = {

/* Begin PBXBuildFile section */
		0199B3F92C9AB332006253EF /* AppDelegate.swift in Sources */ = {isa = PBXBuildFile; fileRef = 0199B3F82C9AB332006253EF /* AppDelegate.swift */; };
		0199B3FB2C9AB332006253EF /* SceneDelegate.swift in Sources */ = {isa = PBXBuildFile; fileRef = 0199B3FA2C9AB332006253EF /* SceneDelegate.swift */; };
		0199B4022C9AB334006253EF /* Assets.xcassets in Resources */ = {isa = PBXBuildFile; fileRef = 0199B4012C9AB334006253EF /* Assets.xcassets */; };
		0199B4052C9AB334006253EF /* Base in Resources */ = {isa = PBXBuildFile; fileRef = 0199B4042C9AB334006253EF /* Base */; };
		0199B4102C9AC3A0006253EF /* AppCoordinator.swift in Sources */ = {isa = PBXBuildFile; fileRef = 0199B40F2C9AC3A0006253EF /* AppCoordinator.swift */; };
		0199B4132C9AC3C5006253EF /* AppCoordinatorProtocol.swift in Sources */ = {isa = PBXBuildFile; fileRef = 0199B4122C9AC3C5006253EF /* AppCoordinatorProtocol.swift */; };
		0199B4172C9AC47B006253EF /* CoordinatorFactory.swift in Sources */ = {isa = PBXBuildFile; fileRef = 0199B4162C9AC47B006253EF /* CoordinatorFactory.swift */; };
		0199B4192C9AC5DC006253EF /* SplashCoordinator.swift in Sources */ = {isa = PBXBuildFile; fileRef = 0199B4182C9AC5DC006253EF /* SplashCoordinator.swift */; };
		0199B41B2C9AC5FD006253EF /* CoordinatorProtocol.swift in Sources */ = {isa = PBXBuildFile; fileRef = 0199B41A2C9AC5FD006253EF /* CoordinatorProtocol.swift */; };
		0199B41E2C9AC853006253EF /* ModuleFactory.swift in Sources */ = {isa = PBXBuildFile; fileRef = 0199B41D2C9AC853006253EF /* ModuleFactory.swift */; };
		0199B4242C9AC8BE006253EF /* SplashViewController.swift in Sources */ = {isa = PBXBuildFile; fileRef = 0199B4232C9AC8BE006253EF /* SplashViewController.swift */; };
		0199B42C2C9ACC28006253EF /* SplashViewModel.swift in Sources */ = {isa = PBXBuildFile; fileRef = 0199B42B2C9ACC28006253EF /* SplashViewModel.swift */; };
		0199B42F2C9ACF80006253EF /* UIColor+Extension.swift in Sources */ = {isa = PBXBuildFile; fileRef = 0199B42E2C9ACF80006253EF /* UIColor+Extension.swift */; };
		0199B4322C9AD00E006253EF /* ImageAssets.swift in Sources */ = {isa = PBXBuildFile; fileRef = 0199B4312C9AD00E006253EF /* ImageAssets.swift */; };
		0199B4342C9AD133006253EF /* SplashView.swift in Sources */ = {isa = PBXBuildFile; fileRef = 0199B4332C9AD133006253EF /* SplashView.swift */; };
		0199B4362C9AD3C4006253EF /* Colors.swift in Sources */ = {isa = PBXBuildFile; fileRef = 0199B4352C9AD3C4006253EF /* Colors.swift */; };
		0199B43B2C9ADCA4006253EF /* WelcomeViewController.swift in Sources */ = {isa = PBXBuildFile; fileRef = 0199B43A2C9ADCA4006253EF /* WelcomeViewController.swift */; };
		0199B43D2C9ADCC9006253EF /* WelcomeViewModel.swift in Sources */ = {isa = PBXBuildFile; fileRef = 0199B43C2C9ADCC9006253EF /* WelcomeViewModel.swift */; };
		0199B4402C9ADEC5006253EF /* ScreenTransition.swift in Sources */ = {isa = PBXBuildFile; fileRef = 0199B43F2C9ADEC5006253EF /* ScreenTransition.swift */; };
		0199B4422C9AE007006253EF /* WelcomeCoordinator.swift in Sources */ = {isa = PBXBuildFile; fileRef = 0199B4412C9AE007006253EF /* WelcomeCoordinator.swift */; };
		0199B4442C9AE308006253EF /* WelcomeView.swift in Sources */ = {isa = PBXBuildFile; fileRef = 0199B4432C9AE308006253EF /* WelcomeView.swift */; };
		01B2B3D82CA16B030064B319 /* EnterNameViewController.swift in Sources */ = {isa = PBXBuildFile; fileRef = 01B2B3D72CA16B030064B319 /* EnterNameViewController.swift */; };
		01B2B3DA2CA16B0D0064B319 /* EnterNameView.swift in Sources */ = {isa = PBXBuildFile; fileRef = 01B2B3D92CA16B0D0064B319 /* EnterNameView.swift */; };
		01B2B3DD2CA16B1D0064B319 /* EnterNameViewModel.swift in Sources */ = {isa = PBXBuildFile; fileRef = 01B2B3DC2CA16B1D0064B319 /* EnterNameViewModel.swift */; };
		01B2B3DF2CA16E8B0064B319 /* EnterNameCoordinator.swift in Sources */ = {isa = PBXBuildFile; fileRef = 01B2B3DE2CA16E8B0064B319 /* EnterNameCoordinator.swift */; };
		01B2B3E22CA1723C0064B319 /* OrangeButton.swift in Sources */ = {isa = PBXBuildFile; fileRef = 01B2B3E12CA1723B0064B319 /* OrangeButton.swift */; };
		01B2B3E42CA1744F0064B319 /* ButtonTitles.swift in Sources */ = {isa = PBXBuildFile; fileRef = 01B2B3E32CA1744F0064B319 /* ButtonTitles.swift */; };
		01B2B3E82CA17C520064B319 /* CustomTextField.swift in Sources */ = {isa = PBXBuildFile; fileRef = 01B2B3E72CA17C520064B319 /* CustomTextField.swift */; };
		01B2B3EA2CA17E760064B319 /* Placeholders.swift in Sources */ = {isa = PBXBuildFile; fileRef = 01B2B3E92CA17E760064B319 /* Placeholders.swift */; };
		01B2B3ED2CA188090064B319 /* AnimationManager.swift in Sources */ = {isa = PBXBuildFile; fileRef = 01B2B3EC2CA188090064B319 /* AnimationManager.swift */; };
		01B2B3EF2CA1B9F70064B319 /* LabelNames.swift in Sources */ = {isa = PBXBuildFile; fileRef = 01B2B3EE2CA1B9F70064B319 /* LabelNames.swift */; };
/* End PBXBuildFile section */

/* Begin PBXFileReference section */
		0199B3F52C9AB332006253EF /* FruitHub.app */ = {isa = PBXFileReference; explicitFileType = wrapper.application; includeInIndex = 0; path = FruitHub.app; sourceTree = BUILT_PRODUCTS_DIR; };
		0199B3F82C9AB332006253EF /* AppDelegate.swift */ = {isa = PBXFileReference; lastKnownFileType = sourcecode.swift; path = AppDelegate.swift; sourceTree = "<group>"; };
		0199B3FA2C9AB332006253EF /* SceneDelegate.swift */ = {isa = PBXFileReference; lastKnownFileType = sourcecode.swift; path = SceneDelegate.swift; sourceTree = "<group>"; };
		0199B4012C9AB334006253EF /* Assets.xcassets */ = {isa = PBXFileReference; lastKnownFileType = folder.assetcatalog; path = Assets.xcassets; sourceTree = "<group>"; };
		0199B4042C9AB334006253EF /* Base */ = {isa = PBXFileReference; lastKnownFileType = file.storyboard; name = Base; path = Base.lproj/LaunchScreen.storyboard; sourceTree = "<group>"; };
		0199B4062C9AB334006253EF /* Info.plist */ = {isa = PBXFileReference; lastKnownFileType = text.plist.xml; path = Info.plist; sourceTree = "<group>"; };
		0199B40F2C9AC3A0006253EF /* AppCoordinator.swift */ = {isa = PBXFileReference; lastKnownFileType = sourcecode.swift; path = AppCoordinator.swift; sourceTree = "<group>"; };
		0199B4122C9AC3C5006253EF /* AppCoordinatorProtocol.swift */ = {isa = PBXFileReference; lastKnownFileType = sourcecode.swift; path = AppCoordinatorProtocol.swift; sourceTree = "<group>"; };
		0199B4162C9AC47B006253EF /* CoordinatorFactory.swift */ = {isa = PBXFileReference; lastKnownFileType = sourcecode.swift; path = CoordinatorFactory.swift; sourceTree = "<group>"; };
		0199B4182C9AC5DC006253EF /* SplashCoordinator.swift */ = {isa = PBXFileReference; lastKnownFileType = sourcecode.swift; path = SplashCoordinator.swift; sourceTree = "<group>"; };
		0199B41A2C9AC5FD006253EF /* CoordinatorProtocol.swift */ = {isa = PBXFileReference; lastKnownFileType = sourcecode.swift; path = CoordinatorProtocol.swift; sourceTree = "<group>"; };
		0199B41D2C9AC853006253EF /* ModuleFactory.swift */ = {isa = PBXFileReference; lastKnownFileType = sourcecode.swift; path = ModuleFactory.swift; sourceTree = "<group>"; };
		0199B4232C9AC8BE006253EF /* SplashViewController.swift */ = {isa = PBXFileReference; lastKnownFileType = sourcecode.swift; path = SplashViewController.swift; sourceTree = "<group>"; };
		0199B42B2C9ACC28006253EF /* SplashViewModel.swift */ = {isa = PBXFileReference; lastKnownFileType = sourcecode.swift; path = SplashViewModel.swift; sourceTree = "<group>"; };
		0199B42E2C9ACF80006253EF /* UIColor+Extension.swift */ = {isa = PBXFileReference; lastKnownFileType = sourcecode.swift; path = "UIColor+Extension.swift"; sourceTree = "<group>"; };
		0199B4312C9AD00E006253EF /* ImageAssets.swift */ = {isa = PBXFileReference; lastKnownFileType = sourcecode.swift; path = ImageAssets.swift; sourceTree = "<group>"; };
		0199B4332C9AD133006253EF /* SplashView.swift */ = {isa = PBXFileReference; lastKnownFileType = sourcecode.swift; path = SplashView.swift; sourceTree = "<group>"; };
		0199B4352C9AD3C4006253EF /* Colors.swift */ = {isa = PBXFileReference; lastKnownFileType = sourcecode.swift; path = Colors.swift; sourceTree = "<group>"; };
		0199B43A2C9ADCA4006253EF /* WelcomeViewController.swift */ = {isa = PBXFileReference; lastKnownFileType = sourcecode.swift; path = WelcomeViewController.swift; sourceTree = "<group>"; };
		0199B43C2C9ADCC9006253EF /* WelcomeViewModel.swift */ = {isa = PBXFileReference; lastKnownFileType = sourcecode.swift; path = WelcomeViewModel.swift; sourceTree = "<group>"; };
		0199B43F2C9ADEC5006253EF /* ScreenTransition.swift */ = {isa = PBXFileReference; lastKnownFileType = sourcecode.swift; path = ScreenTransition.swift; sourceTree = "<group>"; };
		0199B4412C9AE007006253EF /* WelcomeCoordinator.swift */ = {isa = PBXFileReference; lastKnownFileType = sourcecode.swift; path = WelcomeCoordinator.swift; sourceTree = "<group>"; };
		0199B4432C9AE308006253EF /* WelcomeView.swift */ = {isa = PBXFileReference; lastKnownFileType = sourcecode.swift; path = WelcomeView.swift; sourceTree = "<group>"; };
		01B2B3D72CA16B030064B319 /* EnterNameViewController.swift */ = {isa = PBXFileReference; lastKnownFileType = sourcecode.swift; path = EnterNameViewController.swift; sourceTree = "<group>"; };
		01B2B3D92CA16B0D0064B319 /* EnterNameView.swift */ = {isa = PBXFileReference; lastKnownFileType = sourcecode.swift; path = EnterNameView.swift; sourceTree = "<group>"; };
		01B2B3DC2CA16B1D0064B319 /* EnterNameViewModel.swift */ = {isa = PBXFileReference; lastKnownFileType = sourcecode.swift; path = EnterNameViewModel.swift; sourceTree = "<group>"; };
		01B2B3DE2CA16E8B0064B319 /* EnterNameCoordinator.swift */ = {isa = PBXFileReference; lastKnownFileType = sourcecode.swift; path = EnterNameCoordinator.swift; sourceTree = "<group>"; };
		01B2B3E12CA1723B0064B319 /* OrangeButton.swift */ = {isa = PBXFileReference; lastKnownFileType = sourcecode.swift; path = OrangeButton.swift; sourceTree = "<group>"; };
		01B2B3E32CA1744F0064B319 /* ButtonTitles.swift */ = {isa = PBXFileReference; lastKnownFileType = sourcecode.swift; path = ButtonTitles.swift; sourceTree = "<group>"; };
		01B2B3E72CA17C520064B319 /* CustomTextField.swift */ = {isa = PBXFileReference; lastKnownFileType = sourcecode.swift; path = CustomTextField.swift; sourceTree = "<group>"; };
		01B2B3E92CA17E760064B319 /* Placeholders.swift */ = {isa = PBXFileReference; lastKnownFileType = sourcecode.swift; path = Placeholders.swift; sourceTree = "<group>"; };
		01B2B3EC2CA188090064B319 /* AnimationManager.swift */ = {isa = PBXFileReference; lastKnownFileType = sourcecode.swift; path = AnimationManager.swift; sourceTree = "<group>"; };
		01B2B3EE2CA1B9F70064B319 /* LabelNames.swift */ = {isa = PBXFileReference; lastKnownFileType = sourcecode.swift; path = LabelNames.swift; sourceTree = "<group>"; };
/* End PBXFileReference section */

/* Begin PBXFrameworksBuildPhase section */
		0199B3F22C9AB332006253EF /* Frameworks */ = {
			isa = PBXFrameworksBuildPhase;
			buildActionMask = 2147483647;
			files = (
			);
			runOnlyForDeploymentPostprocessing = 0;
		};
/* End PBXFrameworksBuildPhase section */

/* Begin PBXGroup section */
		0199B3EC2C9AB332006253EF = {
			isa = PBXGroup;
			children = (
				0199B3F72C9AB332006253EF /* FruitHub */,
				0199B3F62C9AB332006253EF /* Products */,
			);
			sourceTree = "<group>";
		};
		0199B3F62C9AB332006253EF /* Products */ = {
			isa = PBXGroup;
			children = (
				0199B3F52C9AB332006253EF /* FruitHub.app */,
			);
			name = Products;
			sourceTree = "<group>";
		};
		0199B3F72C9AB332006253EF /* FruitHub */ = {
			isa = PBXGroup;
			children = (
				0199B40C2C9AB36E006253EF /* Application */,
				0199B40E2C9AC043006253EF /* Coordinators */,
				0199B42D2C9ACF6C006253EF /* Extension */,
				0199B4142C9AC445006253EF /* Factories */,
				0199B4302C9ACFD3006253EF /* Helper */,
				01B2B3EB2CA187F50064B319 /* Manager */,
				0199B41F2C9AC893006253EF /* Module */,
				0199B40D2C9AB37E006253EF /* Resource */,
				01B2B3E02CA171FD0064B319 /* SharedView */,
			);
			path = FruitHub;
			sourceTree = "<group>";
		};
		0199B40C2C9AB36E006253EF /* Application */ = {
			isa = PBXGroup;
			children = (
				0199B3F82C9AB332006253EF /* AppDelegate.swift */,
				0199B3FA2C9AB332006253EF /* SceneDelegate.swift */,
			);
			path = Application;
			sourceTree = "<group>";
		};
		0199B40D2C9AB37E006253EF /* Resource */ = {
			isa = PBXGroup;
			children = (
				0199B4012C9AB334006253EF /* Assets.xcassets */,
				0199B4032C9AB334006253EF /* LaunchScreen.storyboard */,
				0199B4062C9AB334006253EF /* Info.plist */,
			);
			path = Resource;
			sourceTree = "<group>";
		};
		0199B40E2C9AC043006253EF /* Coordinators */ = {
			isa = PBXGroup;
			children = (
				0199B4112C9AC3AE006253EF /* Protocols */,
				0199B40F2C9AC3A0006253EF /* AppCoordinator.swift */,
				0199B4182C9AC5DC006253EF /* SplashCoordinator.swift */,
				0199B4412C9AE007006253EF /* WelcomeCoordinator.swift */,
				01B2B3DE2CA16E8B0064B319 /* EnterNameCoordinator.swift */,
			);
			path = Coordinators;
			sourceTree = "<group>";
		};
		0199B4112C9AC3AE006253EF /* Protocols */ = {
			isa = PBXGroup;
			children = (
				0199B4122C9AC3C5006253EF /* AppCoordinatorProtocol.swift */,
				0199B41A2C9AC5FD006253EF /* CoordinatorProtocol.swift */,
			);
			path = Protocols;
			sourceTree = "<group>";
		};
		0199B4142C9AC445006253EF /* Factories */ = {
			isa = PBXGroup;
			children = (
				0199B4152C9AC45F006253EF /* Coordinator */,
				0199B41C2C9AC756006253EF /* Module */,
			);
			path = Factories;
			sourceTree = "<group>";
		};
		0199B4152C9AC45F006253EF /* Coordinator */ = {
			isa = PBXGroup;
			children = (
				0199B4162C9AC47B006253EF /* CoordinatorFactory.swift */,
			);
			path = Coordinator;
			sourceTree = "<group>";
		};
		0199B41C2C9AC756006253EF /* Module */ = {
			isa = PBXGroup;
			children = (
				0199B41D2C9AC853006253EF /* ModuleFactory.swift */,
			);
			path = Module;
			sourceTree = "<group>";
		};
		0199B41F2C9AC893006253EF /* Module */ = {
			isa = PBXGroup;
			children = (
				0199B43E2C9ADE9D006253EF /* Protocols */,
				0199B4222C9AC8AE006253EF /* SplashModule */,
				0199B4372C9ADC73006253EF /* WelcomeModule */,
				01B2B3D42CA16A5C0064B319 /* EnterNameModule */,
			);
			path = Module;
			sourceTree = "<group>";
		};
		0199B4222C9AC8AE006253EF /* SplashModule */ = {
			isa = PBXGroup;
			children = (
				0199B4252C9ACB68006253EF /* UI */,
				0199B42A2C9ACBC6006253EF /* ViewModel */,
			);
			path = SplashModule;
			sourceTree = "<group>";
		};
		0199B4252C9ACB68006253EF /* UI */ = {
			isa = PBXGroup;
			children = (
				0199B4232C9AC8BE006253EF /* SplashViewController.swift */,
				0199B4332C9AD133006253EF /* SplashView.swift */,
			);
			path = UI;
			sourceTree = "<group>";
		};
		0199B42A2C9ACBC6006253EF /* ViewModel */ = {
			isa = PBXGroup;
			children = (
				0199B42B2C9ACC28006253EF /* SplashViewModel.swift */,
			);
			path = ViewModel;
			sourceTree = "<group>";
		};
		0199B42D2C9ACF6C006253EF /* Extension */ = {
			isa = PBXGroup;
			children = (
				0199B42E2C9ACF80006253EF /* UIColor+Extension.swift */,
			);
			path = Extension;
			sourceTree = "<group>";
		};
		0199B4302C9ACFD3006253EF /* Helper */ = {
			isa = PBXGroup;
			children = (
				0199B4312C9AD00E006253EF /* ImageAssets.swift */,
				0199B4352C9AD3C4006253EF /* Colors.swift */,
				01B2B3E32CA1744F0064B319 /* ButtonTitles.swift */,
				01B2B3E92CA17E760064B319 /* Placeholders.swift */,
				01B2B3EE2CA1B9F70064B319 /* LabelNames.swift */,
			);
			path = Helper;
			sourceTree = "<group>";
		};
		0199B4372C9ADC73006253EF /* WelcomeModule */ = {
			isa = PBXGroup;
			children = (
				0199B4392C9ADC95006253EF /* UI */,
				0199B4382C9ADC8B006253EF /* ViewModel */,
			);
			path = WelcomeModule;
			sourceTree = "<group>";
		};
		0199B4382C9ADC8B006253EF /* ViewModel */ = {
			isa = PBXGroup;
			children = (
				0199B43C2C9ADCC9006253EF /* WelcomeViewModel.swift */,
			);
			path = ViewModel;
			sourceTree = "<group>";
		};
		0199B4392C9ADC95006253EF /* UI */ = {
			isa = PBXGroup;
			children = (
				0199B43A2C9ADCA4006253EF /* WelcomeViewController.swift */,
				0199B4432C9AE308006253EF /* WelcomeView.swift */,
			);
			path = UI;
			sourceTree = "<group>";
		};
		0199B43E2C9ADE9D006253EF /* Protocols */ = {
			isa = PBXGroup;
			children = (
				0199B43F2C9ADEC5006253EF /* ScreenTransition.swift */,
			);
			path = Protocols;
			sourceTree = "<group>";
		};
		01B2B3D42CA16A5C0064B319 /* EnterNameModule */ = {
			isa = PBXGroup;
			children = (
				01B2B3D62CA16AED0064B319 /* UI */,
				01B2B3D52CA16AE70064B319 /* ViewModel */,
			);
			path = EnterNameModule;
			sourceTree = "<group>";
		};
		01B2B3D52CA16AE70064B319 /* ViewModel */ = {
			isa = PBXGroup;
			children = (
				01B2B3DC2CA16B1D0064B319 /* EnterNameViewModel.swift */,
			);
			path = ViewModel;
			sourceTree = "<group>";
		};
		01B2B3D62CA16AED0064B319 /* UI */ = {
			isa = PBXGroup;
			children = (
				01B2B3D72CA16B030064B319 /* EnterNameViewController.swift */,
				01B2B3D92CA16B0D0064B319 /* EnterNameView.swift */,
			);
			path = UI;
			sourceTree = "<group>";
		};
		01B2B3E02CA171FD0064B319 /* SharedView */ = {
			isa = PBXGroup;
			children = (
				01B2B3E12CA1723B0064B319 /* OrangeButton.swift */,
				01B2B3E72CA17C520064B319 /* CustomTextField.swift */,
			);
			path = SharedView;
			sourceTree = "<group>";
		};
		01B2B3EB2CA187F50064B319 /* Manager */ = {
			isa = PBXGroup;
			children = (
				01B2B3EC2CA188090064B319 /* AnimationManager.swift */,
			);
			path = Manager;
			sourceTree = "<group>";
		};
/* End PBXGroup section */

/* Begin PBXNativeTarget section */
		0199B3F42C9AB332006253EF /* FruitHub */ = {
			isa = PBXNativeTarget;
			buildConfigurationList = 0199B4092C9AB334006253EF /* Build configuration list for PBXNativeTarget "FruitHub" */;
			buildPhases = (
				0199B3F12C9AB332006253EF /* Sources */,
				0199B3F22C9AB332006253EF /* Frameworks */,
				0199B3F32C9AB332006253EF /* Resources */,
			);
			buildRules = (
			);
			dependencies = (
			);
			name = FruitHub;
			productName = FruitHub;
			productReference = 0199B3F52C9AB332006253EF /* FruitHub.app */;
			productType = "com.apple.product-type.application";
		};
/* End PBXNativeTarget section */

/* Begin PBXProject section */
		0199B3ED2C9AB332006253EF /* Project object */ = {
			isa = PBXProject;
			attributes = {
				BuildIndependentTargetsInParallel = 1;
				LastSwiftUpdateCheck = 1540;
				LastUpgradeCheck = 1540;
				TargetAttributes = {
					0199B3F42C9AB332006253EF = {
						CreatedOnToolsVersion = 15.4;
					};
				};
			};
			buildConfigurationList = 0199B3F02C9AB332006253EF /* Build configuration list for PBXProject "FruitHub" */;
			compatibilityVersion = "Xcode 14.0";
			developmentRegion = en;
			hasScannedForEncodings = 0;
			knownRegions = (
				en,
				Base,
			);
			mainGroup = 0199B3EC2C9AB332006253EF;
			productRefGroup = 0199B3F62C9AB332006253EF /* Products */;
			projectDirPath = "";
			projectRoot = "";
			targets = (
				0199B3F42C9AB332006253EF /* FruitHub */,
			);
		};
/* End PBXProject section */

/* Begin PBXResourcesBuildPhase section */
		0199B3F32C9AB332006253EF /* Resources */ = {
			isa = PBXResourcesBuildPhase;
			buildActionMask = 2147483647;
			files = (
				0199B4022C9AB334006253EF /* Assets.xcassets in Resources */,
				0199B4052C9AB334006253EF /* Base in Resources */,
			);
			runOnlyForDeploymentPostprocessing = 0;
		};
/* End PBXResourcesBuildPhase section */

/* Begin PBXSourcesBuildPhase section */
		0199B3F12C9AB332006253EF /* Sources */ = {
			isa = PBXSourcesBuildPhase;
			buildActionMask = 2147483647;
			files = (
				01B2B3E82CA17C520064B319 /* CustomTextField.swift in Sources */,
				0199B4102C9AC3A0006253EF /* AppCoordinator.swift in Sources */,
				0199B41E2C9AC853006253EF /* ModuleFactory.swift in Sources */,
				0199B4322C9AD00E006253EF /* ImageAssets.swift in Sources */,
				01B2B3ED2CA188090064B319 /* AnimationManager.swift in Sources */,
				0199B4362C9AD3C4006253EF /* Colors.swift in Sources */,
				0199B41B2C9AC5FD006253EF /* CoordinatorProtocol.swift in Sources */,
				0199B4422C9AE007006253EF /* WelcomeCoordinator.swift in Sources */,
				0199B42F2C9ACF80006253EF /* UIColor+Extension.swift in Sources */,
				0199B4402C9ADEC5006253EF /* ScreenTransition.swift in Sources */,
				0199B43B2C9ADCA4006253EF /* WelcomeViewController.swift in Sources */,
				0199B4242C9AC8BE006253EF /* SplashViewController.swift in Sources */,
				0199B3F92C9AB332006253EF /* AppDelegate.swift in Sources */,
				0199B43D2C9ADCC9006253EF /* WelcomeViewModel.swift in Sources */,
				0199B42C2C9ACC28006253EF /* SplashViewModel.swift in Sources */,
				01B2B3EA2CA17E760064B319 /* Placeholders.swift in Sources */,
				01B2B3E22CA1723C0064B319 /* OrangeButton.swift in Sources */,
				0199B4342C9AD133006253EF /* SplashView.swift in Sources */,
				01B2B3EF2CA1B9F70064B319 /* LabelNames.swift in Sources */,
				0199B4172C9AC47B006253EF /* CoordinatorFactory.swift in Sources */,
				0199B4192C9AC5DC006253EF /* SplashCoordinator.swift in Sources */,
				01B2B3DA2CA16B0D0064B319 /* EnterNameView.swift in Sources */,
				0199B4132C9AC3C5006253EF /* AppCoordinatorProtocol.swift in Sources */,
				01B2B3DD2CA16B1D0064B319 /* EnterNameViewModel.swift in Sources */,
				01B2B3E42CA1744F0064B319 /* ButtonTitles.swift in Sources */,
				01B2B3DF2CA16E8B0064B319 /* EnterNameCoordinator.swift in Sources */,
				0199B3FB2C9AB332006253EF /* SceneDelegate.swift in Sources */,
				01B2B3D82CA16B030064B319 /* EnterNameViewController.swift in Sources */,
				0199B4442C9AE308006253EF /* WelcomeView.swift in Sources */,
			);
			runOnlyForDeploymentPostprocessing = 0;
		};
/* End PBXSourcesBuildPhase section */

/* Begin PBXVariantGroup section */
		0199B4032C9AB334006253EF /* LaunchScreen.storyboard */ = {
			isa = PBXVariantGroup;
			children = (
				0199B4042C9AB334006253EF /* Base */,
			);
			name = LaunchScreen.storyboard;
			sourceTree = "<group>";
		};
/* End PBXVariantGroup section */

/* Begin XCBuildConfiguration section */
		0199B4072C9AB334006253EF /* Debug */ = {
			isa = XCBuildConfiguration;
			buildSettings = {
				ALWAYS_SEARCH_USER_PATHS = NO;
				ASSETCATALOG_COMPILER_GENERATE_SWIFT_ASSET_SYMBOL_EXTENSIONS = YES;
				CLANG_ANALYZER_NONNULL = YES;
				CLANG_ANALYZER_NUMBER_OBJECT_CONVERSION = YES_AGGRESSIVE;
				CLANG_CXX_LANGUAGE_STANDARD = "gnu++20";
				CLANG_ENABLE_MODULES = YES;
				CLANG_ENABLE_OBJC_ARC = YES;
				CLANG_ENABLE_OBJC_WEAK = YES;
				CLANG_WARN_BLOCK_CAPTURE_AUTORELEASING = YES;
				CLANG_WARN_BOOL_CONVERSION = YES;
				CLANG_WARN_COMMA = YES;
				CLANG_WARN_CONSTANT_CONVERSION = YES;
				CLANG_WARN_DEPRECATED_OBJC_IMPLEMENTATIONS = YES;
				CLANG_WARN_DIRECT_OBJC_ISA_USAGE = YES_ERROR;
				CLANG_WARN_DOCUMENTATION_COMMENTS = YES;
				CLANG_WARN_EMPTY_BODY = YES;
				CLANG_WARN_ENUM_CONVERSION = YES;
				CLANG_WARN_INFINITE_RECURSION = YES;
				CLANG_WARN_INT_CONVERSION = YES;
				CLANG_WARN_NON_LITERAL_NULL_CONVERSION = YES;
				CLANG_WARN_OBJC_IMPLICIT_RETAIN_SELF = YES;
				CLANG_WARN_OBJC_LITERAL_CONVERSION = YES;
				CLANG_WARN_OBJC_ROOT_CLASS = YES_ERROR;
				CLANG_WARN_QUOTED_INCLUDE_IN_FRAMEWORK_HEADER = YES;
				CLANG_WARN_RANGE_LOOP_ANALYSIS = YES;
				CLANG_WARN_STRICT_PROTOTYPES = YES;
				CLANG_WARN_SUSPICIOUS_MOVE = YES;
				CLANG_WARN_UNGUARDED_AVAILABILITY = YES_AGGRESSIVE;
				CLANG_WARN_UNREACHABLE_CODE = YES;
				CLANG_WARN__DUPLICATE_METHOD_MATCH = YES;
				COPY_PHASE_STRIP = NO;
				DEBUG_INFORMATION_FORMAT = dwarf;
				ENABLE_STRICT_OBJC_MSGSEND = YES;
				ENABLE_TESTABILITY = YES;
				ENABLE_USER_SCRIPT_SANDBOXING = YES;
				GCC_C_LANGUAGE_STANDARD = gnu17;
				GCC_DYNAMIC_NO_PIC = NO;
				GCC_NO_COMMON_BLOCKS = YES;
				GCC_OPTIMIZATION_LEVEL = 0;
				GCC_PREPROCESSOR_DEFINITIONS = (
					"DEBUG=1",
					"$(inherited)",
				);
				GCC_WARN_64_TO_32_BIT_CONVERSION = YES;
				GCC_WARN_ABOUT_RETURN_TYPE = YES_ERROR;
				GCC_WARN_UNDECLARED_SELECTOR = YES;
				GCC_WARN_UNINITIALIZED_AUTOS = YES_AGGRESSIVE;
				GCC_WARN_UNUSED_FUNCTION = YES;
				GCC_WARN_UNUSED_VARIABLE = YES;
				IPHONEOS_DEPLOYMENT_TARGET = 17.5;
				LOCALIZATION_PREFERS_STRING_CATALOGS = YES;
				MTL_ENABLE_DEBUG_INFO = INCLUDE_SOURCE;
				MTL_FAST_MATH = YES;
				ONLY_ACTIVE_ARCH = YES;
				SDKROOT = iphoneos;
				SWIFT_ACTIVE_COMPILATION_CONDITIONS = "DEBUG $(inherited)";
				SWIFT_OPTIMIZATION_LEVEL = "-Onone";
			};
			name = Debug;
		};
		0199B4082C9AB334006253EF /* Release */ = {
			isa = XCBuildConfiguration;
			buildSettings = {
				ALWAYS_SEARCH_USER_PATHS = NO;
				ASSETCATALOG_COMPILER_GENERATE_SWIFT_ASSET_SYMBOL_EXTENSIONS = YES;
				CLANG_ANALYZER_NONNULL = YES;
				CLANG_ANALYZER_NUMBER_OBJECT_CONVERSION = YES_AGGRESSIVE;
				CLANG_CXX_LANGUAGE_STANDARD = "gnu++20";
				CLANG_ENABLE_MODULES = YES;
				CLANG_ENABLE_OBJC_ARC = YES;
				CLANG_ENABLE_OBJC_WEAK = YES;
				CLANG_WARN_BLOCK_CAPTURE_AUTORELEASING = YES;
				CLANG_WARN_BOOL_CONVERSION = YES;
				CLANG_WARN_COMMA = YES;
				CLANG_WARN_CONSTANT_CONVERSION = YES;
				CLANG_WARN_DEPRECATED_OBJC_IMPLEMENTATIONS = YES;
				CLANG_WARN_DIRECT_OBJC_ISA_USAGE = YES_ERROR;
				CLANG_WARN_DOCUMENTATION_COMMENTS = YES;
				CLANG_WARN_EMPTY_BODY = YES;
				CLANG_WARN_ENUM_CONVERSION = YES;
				CLANG_WARN_INFINITE_RECURSION = YES;
				CLANG_WARN_INT_CONVERSION = YES;
				CLANG_WARN_NON_LITERAL_NULL_CONVERSION = YES;
				CLANG_WARN_OBJC_IMPLICIT_RETAIN_SELF = YES;
				CLANG_WARN_OBJC_LITERAL_CONVERSION = YES;
				CLANG_WARN_OBJC_ROOT_CLASS = YES_ERROR;
				CLANG_WARN_QUOTED_INCLUDE_IN_FRAMEWORK_HEADER = YES;
				CLANG_WARN_RANGE_LOOP_ANALYSIS = YES;
				CLANG_WARN_STRICT_PROTOTYPES = YES;
				CLANG_WARN_SUSPICIOUS_MOVE = YES;
				CLANG_WARN_UNGUARDED_AVAILABILITY = YES_AGGRESSIVE;
				CLANG_WARN_UNREACHABLE_CODE = YES;
				CLANG_WARN__DUPLICATE_METHOD_MATCH = YES;
				COPY_PHASE_STRIP = NO;
				DEBUG_INFORMATION_FORMAT = "dwarf-with-dsym";
				ENABLE_NS_ASSERTIONS = NO;
				ENABLE_STRICT_OBJC_MSGSEND = YES;
				ENABLE_USER_SCRIPT_SANDBOXING = YES;
				GCC_C_LANGUAGE_STANDARD = gnu17;
				GCC_NO_COMMON_BLOCKS = YES;
				GCC_WARN_64_TO_32_BIT_CONVERSION = YES;
				GCC_WARN_ABOUT_RETURN_TYPE = YES_ERROR;
				GCC_WARN_UNDECLARED_SELECTOR = YES;
				GCC_WARN_UNINITIALIZED_AUTOS = YES_AGGRESSIVE;
				GCC_WARN_UNUSED_FUNCTION = YES;
				GCC_WARN_UNUSED_VARIABLE = YES;
				IPHONEOS_DEPLOYMENT_TARGET = 17.5;
				LOCALIZATION_PREFERS_STRING_CATALOGS = YES;
				MTL_ENABLE_DEBUG_INFO = NO;
				MTL_FAST_MATH = YES;
				SDKROOT = iphoneos;
				SWIFT_COMPILATION_MODE = wholemodule;
				VALIDATE_PRODUCT = YES;
			};
			name = Release;
		};
		0199B40A2C9AB334006253EF /* Debug */ = {
			isa = XCBuildConfiguration;
			buildSettings = {
				ASSETCATALOG_COMPILER_APPICON_NAME = AppIcon;
				ASSETCATALOG_COMPILER_GLOBAL_ACCENT_COLOR_NAME = AccentColor;
				CODE_SIGN_STYLE = Automatic;
				CURRENT_PROJECT_VERSION = 1;
				DEVELOPMENT_TEAM = 57V9Y33D2J;
				GENERATE_INFOPLIST_FILE = YES;
				INFOPLIST_FILE = FruitHub/Resource/Info.plist;
				INFOPLIST_KEY_UIApplicationSupportsIndirectInputEvents = YES;
				INFOPLIST_KEY_UILaunchStoryboardName = LaunchScreen;
				INFOPLIST_KEY_UISupportedInterfaceOrientations_iPad = "UIInterfaceOrientationPortrait UIInterfaceOrientationPortraitUpsideDown UIInterfaceOrientationLandscapeLeft UIInterfaceOrientationLandscapeRight";
				INFOPLIST_KEY_UISupportedInterfaceOrientations_iPhone = "UIInterfaceOrientationPortrait UIInterfaceOrientationLandscapeLeft UIInterfaceOrientationLandscapeRight";
				LD_RUNPATH_SEARCH_PATHS = (
					"$(inherited)",
					"@executable_path/Frameworks",
				);
				MARKETING_VERSION = 1.0;
				PRODUCT_BUNDLE_IDENTIFIER = tms.by.FruitHub;
				PRODUCT_NAME = "$(TARGET_NAME)";
				SWIFT_EMIT_LOC_STRINGS = YES;
				SWIFT_VERSION = 5.0;
				TARGETED_DEVICE_FAMILY = "1,2";
			};
			name = Debug;
		};
		0199B40B2C9AB334006253EF /* Release */ = {
			isa = XCBuildConfiguration;
			buildSettings = {
				ASSETCATALOG_COMPILER_APPICON_NAME = AppIcon;
				ASSETCATALOG_COMPILER_GLOBAL_ACCENT_COLOR_NAME = AccentColor;
				CODE_SIGN_STYLE = Automatic;
				CURRENT_PROJECT_VERSION = 1;
				DEVELOPMENT_TEAM = 57V9Y33D2J;
				GENERATE_INFOPLIST_FILE = YES;
				INFOPLIST_FILE = FruitHub/Resource/Info.plist;
				INFOPLIST_KEY_UIApplicationSupportsIndirectInputEvents = YES;
				INFOPLIST_KEY_UILaunchStoryboardName = LaunchScreen;
				INFOPLIST_KEY_UISupportedInterfaceOrientations_iPad = "UIInterfaceOrientationPortrait UIInterfaceOrientationPortraitUpsideDown UIInterfaceOrientationLandscapeLeft UIInterfaceOrientationLandscapeRight";
				INFOPLIST_KEY_UISupportedInterfaceOrientations_iPhone = "UIInterfaceOrientationPortrait UIInterfaceOrientationLandscapeLeft UIInterfaceOrientationLandscapeRight";
				LD_RUNPATH_SEARCH_PATHS = (
					"$(inherited)",
					"@executable_path/Frameworks",
				);
				MARKETING_VERSION = 1.0;
				PRODUCT_BUNDLE_IDENTIFIER = tms.by.FruitHub;
				PRODUCT_NAME = "$(TARGET_NAME)";
				SWIFT_EMIT_LOC_STRINGS = YES;
				SWIFT_VERSION = 5.0;
				TARGETED_DEVICE_FAMILY = "1,2";
			};
			name = Release;
		};
/* End XCBuildConfiguration section */

/* Begin XCConfigurationList section */
		0199B3F02C9AB332006253EF /* Build configuration list for PBXProject "FruitHub" */ = {
			isa = XCConfigurationList;
			buildConfigurations = (
				0199B4072C9AB334006253EF /* Debug */,
				0199B4082C9AB334006253EF /* Release */,
			);
			defaultConfigurationIsVisible = 0;
			defaultConfigurationName = Release;
		};
		0199B4092C9AB334006253EF /* Build configuration list for PBXNativeTarget "FruitHub" */ = {
			isa = XCConfigurationList;
			buildConfigurations = (
				0199B40A2C9AB334006253EF /* Debug */,
				0199B40B2C9AB334006253EF /* Release */,
			);
			defaultConfigurationIsVisible = 0;
			defaultConfigurationName = Release;
		};
/* End XCConfigurationList section */
	};
	rootObject = 0199B3ED2C9AB332006253EF /* Project object */;
}
