// !$*UTF8*$!
{
	archiveVersion = 1;
	classes = {
	};
	objectVersion = 56;
	objects = {

/* Begin PBXBuildFile section */
		010FAD182CBBBA94009D1250 /* CardDetailsView.swift in Sources */ = {isa = PBXBuildFile; fileRef = 010FAD172CBBBA94009D1250 /* CardDetailsView.swift */; };
		010FAD1C2CBBBAE3009D1250 /* CardDetailsViewController.swift in Sources */ = {isa = PBXBuildFile; fileRef = 010FAD1B2CBBBAE3009D1250 /* CardDetailsViewController.swift */; };
		010FAD1E2CBBBB5D009D1250 /* CardDetailsViewModel.swift in Sources */ = {isa = PBXBuildFile; fileRef = 010FAD1D2CBBBB5D009D1250 /* CardDetailsViewModel.swift */; };
		010FAD202CBBBF00009D1250 /* CardDetailsActions.swift in Sources */ = {isa = PBXBuildFile; fileRef = 010FAD1F2CBBBF00009D1250 /* CardDetailsActions.swift */; };
		011AFC382CAAB638006541F9 /* NavigationCell.swift in Sources */ = {isa = PBXBuildFile; fileRef = 011AFC372CAAB638006541F9 /* NavigationCell.swift */; };
		011AFC3E2CAAF3C2006541F9 /* SaladCellIdentifier.swift in Sources */ = {isa = PBXBuildFile; fileRef = 011AFC3D2CAAF3C2006541F9 /* SaladCellIdentifier.swift */; };
		011AFC4E2CAB0728006541F9 /* HomeActions.swift in Sources */ = {isa = PBXBuildFile; fileRef = 011AFC4D2CAB0728006541F9 /* HomeActions.swift */; };
		011AFC522CAB0C06006541F9 /* BackButtonView.swift in Sources */ = {isa = PBXBuildFile; fileRef = 011AFC512CAB0C06006541F9 /* BackButtonView.swift */; };
		0125B57B2CC7ECB000D7FC39 /* GoogleService-Info.plist in Resources */ = {isa = PBXBuildFile; fileRef = 0125B57A2CC7ECB000D7FC39 /* GoogleService-Info.plist */; };
		0125B57E2CC7EE9200D7FC39 /* FirebaseCore in Frameworks */ = {isa = PBXBuildFile; productRef = 0125B57D2CC7EE9200D7FC39 /* FirebaseCore */; };
		0125B5802CC7EE9200D7FC39 /* FirebaseDatabase in Frameworks */ = {isa = PBXBuildFile; productRef = 0125B57F2CC7EE9200D7FC39 /* FirebaseDatabase */; };
		0125B5822CC7EE9200D7FC39 /* FirebaseFirestore in Frameworks */ = {isa = PBXBuildFile; productRef = 0125B5812CC7EE9200D7FC39 /* FirebaseFirestore */; };
		0125B5842CC7EE9200D7FC39 /* FirebaseStorage in Frameworks */ = {isa = PBXBuildFile; productRef = 0125B5832CC7EE9200D7FC39 /* FirebaseStorage */; };
		0125B5862CC8409500D7FC39 /* FirebaseManager.swift in Sources */ = {isa = PBXBuildFile; fileRef = 0125B5852CC8409500D7FC39 /* FirebaseManager.swift */; };
		013567C92CA418AA00CF6696 /* PlusButton.swift in Sources */ = {isa = PBXBuildFile; fileRef = 013567C82CA418AA00CF6696 /* PlusButton.swift */; };
		013567CF2CA41C6800CF6696 /* SystemImages.swift in Sources */ = {isa = PBXBuildFile; fileRef = 013567CE2CA41C6800CF6696 /* SystemImages.swift */; };
		013567D22CA41E2D00CF6696 /* FruitSalad.swift in Sources */ = {isa = PBXBuildFile; fileRef = 013567D12CA41E2D00CF6696 /* FruitSalad.swift */; };
		013567D42CA421DC00CF6696 /* FavoriteButton.swift in Sources */ = {isa = PBXBuildFile; fileRef = 013567D32CA421DC00CF6696 /* FavoriteButton.swift */; };
		014D9DD32CBBEB2B00E99251 /* CardData.swift in Sources */ = {isa = PBXBuildFile; fileRef = 014D9DD22CBBEB2B00E99251 /* CardData.swift */; };
		0154F5972CBD135900670F97 /* OrderCompleteViewController.swift in Sources */ = {isa = PBXBuildFile; fileRef = 0154F5962CBD135900670F97 /* OrderCompleteViewController.swift */; };
		0154F5992CBD137E00670F97 /* OrderCompleteView.swift in Sources */ = {isa = PBXBuildFile; fileRef = 0154F5982CBD137E00670F97 /* OrderCompleteView.swift */; };
		0154F59B2CBD150900670F97 /* OrderCompleteViewModel.swift in Sources */ = {isa = PBXBuildFile; fileRef = 0154F59A2CBD150900670F97 /* OrderCompleteViewModel.swift */; };
		0157A2AB2CA29F33005FEE4E /* SaladCell.swift in Sources */ = {isa = PBXBuildFile; fileRef = 0157A2AA2CA29F33005FEE4E /* SaladCell.swift */; };
		0157A2AE2CA2BFC9005FEE4E /* SDWebImage in Frameworks */ = {isa = PBXBuildFile; productRef = 0157A2AD2CA2BFC9005FEE4E /* SDWebImage */; };
		0157A2B02CA2BFC9005FEE4E /* SDWebImageMapKit in Frameworks */ = {isa = PBXBuildFile; productRef = 0157A2AF2CA2BFC9005FEE4E /* SDWebImageMapKit */; };
		015D4E032CBE651E0085C65C /* User.swift in Sources */ = {isa = PBXBuildFile; fileRef = 015D4E022CBE651E0085C65C /* User.swift */; };
		015D4E052CBE6FC60085C65C /* DataVerificationManager.swift in Sources */ = {isa = PBXBuildFile; fileRef = 015D4E042CBE6FC60085C65C /* DataVerificationManager.swift */; };
		015D4E082CBE71730085C65C /* UserVerificationError.swift in Sources */ = {isa = PBXBuildFile; fileRef = 015D4E072CBE71730085C65C /* UserVerificationError.swift */; };
		015D4E0A2CBE765C0085C65C /* DeliveryDataVerificationError.swift in Sources */ = {isa = PBXBuildFile; fileRef = 015D4E092CBE765C0085C65C /* DeliveryDataVerificationError.swift */; };
		015D4E0C2CBE7B770085C65C /* CardDataVerificationError.swift in Sources */ = {isa = PBXBuildFile; fileRef = 015D4E0B2CBE7B770085C65C /* CardDataVerificationError.swift */; };
		0168EFD62CB91F7E008DFDD5 /* OrderListViewController.swift in Sources */ = {isa = PBXBuildFile; fileRef = 0168EFD52CB91F7E008DFDD5 /* OrderListViewController.swift */; };
		0168EFD82CB91FAB008DFDD5 /* OrderListView.swift in Sources */ = {isa = PBXBuildFile; fileRef = 0168EFD72CB91FAB008DFDD5 /* OrderListView.swift */; };
		0168EFDA2CB91FE0008DFDD5 /* OrderListViewModel.swift in Sources */ = {isa = PBXBuildFile; fileRef = 0168EFD92CB91FE0008DFDD5 /* OrderListViewModel.swift */; };
		0171D63E2CAD3CD100A9AC88 /* CounterManager.swift in Sources */ = {isa = PBXBuildFile; fileRef = 0171D63D2CAD3CD100A9AC88 /* CounterManager.swift */; };
		0172D6F52CB97BE100902C50 /* XmarkButton.swift in Sources */ = {isa = PBXBuildFile; fileRef = 0172D6F42CB97BE100902C50 /* XmarkButton.swift */; };
		0172D6F72CB985BD00902C50 /* CompleteDetailsActions.swift in Sources */ = {isa = PBXBuildFile; fileRef = 0172D6F62CB985BD00902C50 /* CompleteDetailsActions.swift */; };
		018D973F2CBE56CD00E679A5 /* DeliveryData.swift in Sources */ = {isa = PBXBuildFile; fileRef = 018D973E2CBE56CD00E679A5 /* DeliveryData.swift */; };
		018D97412CBE585E00E679A5 /* AlertMessage.swift in Sources */ = {isa = PBXBuildFile; fileRef = 018D97402CBE585E00E679A5 /* AlertMessage.swift */; };
		0199B3F92C9AB332006253EF /* AppDelegate.swift in Sources */ = {isa = PBXBuildFile; fileRef = 0199B3F82C9AB332006253EF /* AppDelegate.swift */; };
		0199B3FB2C9AB332006253EF /* SceneDelegate.swift in Sources */ = {isa = PBXBuildFile; fileRef = 0199B3FA2C9AB332006253EF /* SceneDelegate.swift */; };
		0199B4022C9AB334006253EF /* Assets.xcassets in Resources */ = {isa = PBXBuildFile; fileRef = 0199B4012C9AB334006253EF /* Assets.xcassets */; };
		0199B4052C9AB334006253EF /* Base in Resources */ = {isa = PBXBuildFile; fileRef = 0199B4042C9AB334006253EF /* Base */; };
		0199B4102C9AC3A0006253EF /* AppCoordinator.swift in Sources */ = {isa = PBXBuildFile; fileRef = 0199B40F2C9AC3A0006253EF /* AppCoordinator.swift */; };
		0199B4132C9AC3C5006253EF /* AppCoordinatorProtocol.swift in Sources */ = {isa = PBXBuildFile; fileRef = 0199B4122C9AC3C5006253EF /* AppCoordinatorProtocol.swift */; };
		0199B4172C9AC47B006253EF /* CoordinatorFactory.swift in Sources */ = {isa = PBXBuildFile; fileRef = 0199B4162C9AC47B006253EF /* CoordinatorFactory.swift */; };
		0199B4192C9AC5DC006253EF /* SplashCoordinator.swift in Sources */ = {isa = PBXBuildFile; fileRef = 0199B4182C9AC5DC006253EF /* SplashCoordinator.swift */; };
		0199B41B2C9AC5FD006253EF /* CoordinatorProtocol.swift in Sources */ = {isa = PBXBuildFile; fileRef = 0199B41A2C9AC5FD006253EF /* CoordinatorProtocol.swift */; };
		0199B41E2C9AC853006253EF /* ModuleFactory.swift in Sources */ = {isa = PBXBuildFile; fileRef = 0199B41D2C9AC853006253EF /* ModuleFactory.swift */; };
		0199B4242C9AC8BE006253EF /* SplashViewController.swift in Sources */ = {isa = PBXBuildFile; fileRef = 0199B4232C9AC8BE006253EF /* SplashViewController.swift */; };
		0199B42C2C9ACC28006253EF /* SplashViewModel.swift in Sources */ = {isa = PBXBuildFile; fileRef = 0199B42B2C9ACC28006253EF /* SplashViewModel.swift */; };
		0199B42F2C9ACF80006253EF /* UIColor+Extension.swift in Sources */ = {isa = PBXBuildFile; fileRef = 0199B42E2C9ACF80006253EF /* UIColor+Extension.swift */; };
		0199B4322C9AD00E006253EF /* ImageAssets.swift in Sources */ = {isa = PBXBuildFile; fileRef = 0199B4312C9AD00E006253EF /* ImageAssets.swift */; };
		0199B4342C9AD133006253EF /* SplashView.swift in Sources */ = {isa = PBXBuildFile; fileRef = 0199B4332C9AD133006253EF /* SplashView.swift */; };
		0199B4362C9AD3C4006253EF /* Colors.swift in Sources */ = {isa = PBXBuildFile; fileRef = 0199B4352C9AD3C4006253EF /* Colors.swift */; };
		0199B43B2C9ADCA4006253EF /* WelcomeViewController.swift in Sources */ = {isa = PBXBuildFile; fileRef = 0199B43A2C9ADCA4006253EF /* WelcomeViewController.swift */; };
		0199B43D2C9ADCC9006253EF /* WelcomeViewModel.swift in Sources */ = {isa = PBXBuildFile; fileRef = 0199B43C2C9ADCC9006253EF /* WelcomeViewModel.swift */; };
		0199B4402C9ADEC5006253EF /* ScreenTransition.swift in Sources */ = {isa = PBXBuildFile; fileRef = 0199B43F2C9ADEC5006253EF /* ScreenTransition.swift */; };
		0199B4422C9AE007006253EF /* WelcomeCoordinator.swift in Sources */ = {isa = PBXBuildFile; fileRef = 0199B4412C9AE007006253EF /* WelcomeCoordinator.swift */; };
		0199B4442C9AE308006253EF /* WelcomeView.swift in Sources */ = {isa = PBXBuildFile; fileRef = 0199B4432C9AE308006253EF /* WelcomeView.swift */; };
		01B2A5822CABF1B700FE62EB /* SaladView.swift in Sources */ = {isa = PBXBuildFile; fileRef = 01B2A57C2CABF1B700FE62EB /* SaladView.swift */; };
		01B2A5832CABF1B700FE62EB /* SaladViewController.swift in Sources */ = {isa = PBXBuildFile; fileRef = 01B2A57D2CABF1B700FE62EB /* SaladViewController.swift */; };
		01B2A5842CABF1B700FE62EB /* SaladViewModel.swift in Sources */ = {isa = PBXBuildFile; fileRef = 01B2A57F2CABF1B700FE62EB /* SaladViewModel.swift */; };
		01B2A5862CAC3E9E00FE62EB /* CounterChange.swift in Sources */ = {isa = PBXBuildFile; fileRef = 01B2A5852CAC3E9E00FE62EB /* CounterChange.swift */; };
		01B2B3D82CA16B030064B319 /* EnterNameViewController.swift in Sources */ = {isa = PBXBuildFile; fileRef = 01B2B3D72CA16B030064B319 /* EnterNameViewController.swift */; };
		01B2B3DA2CA16B0D0064B319 /* EnterNameView.swift in Sources */ = {isa = PBXBuildFile; fileRef = 01B2B3D92CA16B0D0064B319 /* EnterNameView.swift */; };
		01B2B3DD2CA16B1D0064B319 /* EnterNameViewModel.swift in Sources */ = {isa = PBXBuildFile; fileRef = 01B2B3DC2CA16B1D0064B319 /* EnterNameViewModel.swift */; };
		01B2B3DF2CA16E8B0064B319 /* EnterNameCoordinator.swift in Sources */ = {isa = PBXBuildFile; fileRef = 01B2B3DE2CA16E8B0064B319 /* EnterNameCoordinator.swift */; };
		01B2B3E22CA1723C0064B319 /* OrangeFillButton.swift in Sources */ = {isa = PBXBuildFile; fileRef = 01B2B3E12CA1723B0064B319 /* OrangeFillButton.swift */; };
		01B2B3E42CA1744F0064B319 /* ButtonTitles.swift in Sources */ = {isa = PBXBuildFile; fileRef = 01B2B3E32CA1744F0064B319 /* ButtonTitles.swift */; };
		01B2B3E82CA17C520064B319 /* CustomTextField.swift in Sources */ = {isa = PBXBuildFile; fileRef = 01B2B3E72CA17C520064B319 /* CustomTextField.swift */; };
		01B2B3EA2CA17E760064B319 /* Placeholders.swift in Sources */ = {isa = PBXBuildFile; fileRef = 01B2B3E92CA17E760064B319 /* Placeholders.swift */; };
		01B2B3ED2CA188090064B319 /* AnimationManager.swift in Sources */ = {isa = PBXBuildFile; fileRef = 01B2B3EC2CA188090064B319 /* AnimationManager.swift */; };
		01B2B3EF2CA1B9F70064B319 /* LabelNames.swift in Sources */ = {isa = PBXBuildFile; fileRef = 01B2B3EE2CA1B9F70064B319 /* LabelNames.swift */; };
		01B2B3F42CA1C82A0064B319 /* HomeViewController.swift in Sources */ = {isa = PBXBuildFile; fileRef = 01B2B3F32CA1C82A0064B319 /* HomeViewController.swift */; };
		01B2B3F62CA1C8530064B319 /* HomeViewModel.swift in Sources */ = {isa = PBXBuildFile; fileRef = 01B2B3F52CA1C8530064B319 /* HomeViewModel.swift */; };
		01B2B3F82CA1CC000064B319 /* HomeCoordinator.swift in Sources */ = {isa = PBXBuildFile; fileRef = 01B2B3F72CA1CC000064B319 /* HomeCoordinator.swift */; };
		01B2B3FA2CA1CE960064B319 /* HomeView.swift in Sources */ = {isa = PBXBuildFile; fileRef = 01B2B3F92CA1CE960064B319 /* HomeView.swift */; };
		01B2B3FC2CA1D6CA0064B319 /* Basket.swift in Sources */ = {isa = PBXBuildFile; fileRef = 01B2B3FB2CA1D6CA0064B319 /* Basket.swift */; };
		01B8AAC62CB93BD0009BE3EB /* NavigationItemTitle.swift in Sources */ = {isa = PBXBuildFile; fileRef = 01B8AAC52CB93BD0009BE3EB /* NavigationItemTitle.swift */; };
		01B8AAC82CB94FB3009BE3EB /* OrderListCell.swift in Sources */ = {isa = PBXBuildFile; fileRef = 01B8AAC72CB94FB3009BE3EB /* OrderListCell.swift */; };
		01B8AACD2CB9660A009BE3EB /* CompleteDetailsViewController.swift in Sources */ = {isa = PBXBuildFile; fileRef = 01B8AACC2CB9660A009BE3EB /* CompleteDetailsViewController.swift */; };
		01B8AACF2CB9667B009BE3EB /* CompleteDetailsView.swift in Sources */ = {isa = PBXBuildFile; fileRef = 01B8AACE2CB9667B009BE3EB /* CompleteDetailsView.swift */; };
		01B8AAD12CB966DB009BE3EB /* CompleteDetailsViewModel.swift in Sources */ = {isa = PBXBuildFile; fileRef = 01B8AAD02CB966DB009BE3EB /* CompleteDetailsViewModel.swift */; };
		01CA6A322CBA806E00D4AF80 /* OrangeButton.swift in Sources */ = {isa = PBXBuildFile; fileRef = 01CA6A312CBA806E00D4AF80 /* OrangeButton.swift */; };
/* End PBXBuildFile section */

/* Begin PBXFileReference section */
		010FAD172CBBBA94009D1250 /* CardDetailsView.swift */ = {isa = PBXFileReference; lastKnownFileType = sourcecode.swift; path = CardDetailsView.swift; sourceTree = "<group>"; };
		010FAD1B2CBBBAE3009D1250 /* CardDetailsViewController.swift */ = {isa = PBXFileReference; lastKnownFileType = sourcecode.swift; path = CardDetailsViewController.swift; sourceTree = "<group>"; };
		010FAD1D2CBBBB5D009D1250 /* CardDetailsViewModel.swift */ = {isa = PBXFileReference; lastKnownFileType = sourcecode.swift; path = CardDetailsViewModel.swift; sourceTree = "<group>"; };
		010FAD1F2CBBBF00009D1250 /* CardDetailsActions.swift */ = {isa = PBXFileReference; lastKnownFileType = sourcecode.swift; path = CardDetailsActions.swift; sourceTree = "<group>"; };
		011AFC372CAAB638006541F9 /* NavigationCell.swift */ = {isa = PBXFileReference; lastKnownFileType = sourcecode.swift; path = NavigationCell.swift; sourceTree = "<group>"; };
		011AFC3D2CAAF3C2006541F9 /* SaladCellIdentifier.swift */ = {isa = PBXFileReference; lastKnownFileType = sourcecode.swift; path = SaladCellIdentifier.swift; sourceTree = "<group>"; };
		011AFC4D2CAB0728006541F9 /* HomeActions.swift */ = {isa = PBXFileReference; lastKnownFileType = sourcecode.swift; path = HomeActions.swift; sourceTree = "<group>"; };
		011AFC512CAB0C06006541F9 /* BackButtonView.swift */ = {isa = PBXFileReference; lastKnownFileType = sourcecode.swift; path = BackButtonView.swift; sourceTree = "<group>"; };
		0125B57A2CC7ECB000D7FC39 /* GoogleService-Info.plist */ = {isa = PBXFileReference; lastKnownFileType = text.plist.xml; path = "GoogleService-Info.plist"; sourceTree = "<group>"; };
		0125B5852CC8409500D7FC39 /* FirebaseManager.swift */ = {isa = PBXFileReference; lastKnownFileType = sourcecode.swift; path = FirebaseManager.swift; sourceTree = "<group>"; };
		013567C82CA418AA00CF6696 /* PlusButton.swift */ = {isa = PBXFileReference; lastKnownFileType = sourcecode.swift; path = PlusButton.swift; sourceTree = "<group>"; };
		013567CE2CA41C6800CF6696 /* SystemImages.swift */ = {isa = PBXFileReference; lastKnownFileType = sourcecode.swift; path = SystemImages.swift; sourceTree = "<group>"; };
		013567D12CA41E2D00CF6696 /* FruitSalad.swift */ = {isa = PBXFileReference; lastKnownFileType = sourcecode.swift; path = FruitSalad.swift; sourceTree = "<group>"; };
		013567D32CA421DC00CF6696 /* FavoriteButton.swift */ = {isa = PBXFileReference; lastKnownFileType = sourcecode.swift; path = FavoriteButton.swift; sourceTree = "<group>"; };
		014D9DD22CBBEB2B00E99251 /* CardData.swift */ = {isa = PBXFileReference; lastKnownFileType = sourcecode.swift; path = CardData.swift; sourceTree = "<group>"; };
		0154F5962CBD135900670F97 /* OrderCompleteViewController.swift */ = {isa = PBXFileReference; lastKnownFileType = sourcecode.swift; path = OrderCompleteViewController.swift; sourceTree = "<group>"; };
		0154F5982CBD137E00670F97 /* OrderCompleteView.swift */ = {isa = PBXFileReference; lastKnownFileType = sourcecode.swift; path = OrderCompleteView.swift; sourceTree = "<group>"; };
		0154F59A2CBD150900670F97 /* OrderCompleteViewModel.swift */ = {isa = PBXFileReference; lastKnownFileType = sourcecode.swift; path = OrderCompleteViewModel.swift; sourceTree = "<group>"; };
		0157A2AA2CA29F33005FEE4E /* SaladCell.swift */ = {isa = PBXFileReference; lastKnownFileType = sourcecode.swift; path = SaladCell.swift; sourceTree = "<group>"; };
		015D4E022CBE651E0085C65C /* User.swift */ = {isa = PBXFileReference; lastKnownFileType = sourcecode.swift; path = User.swift; sourceTree = "<group>"; };
		015D4E042CBE6FC60085C65C /* DataVerificationManager.swift */ = {isa = PBXFileReference; lastKnownFileType = sourcecode.swift; path = DataVerificationManager.swift; sourceTree = "<group>"; };
		015D4E072CBE71730085C65C /* UserVerificationError.swift */ = {isa = PBXFileReference; lastKnownFileType = sourcecode.swift; path = UserVerificationError.swift; sourceTree = "<group>"; };
		015D4E092CBE765C0085C65C /* DeliveryDataVerificationError.swift */ = {isa = PBXFileReference; lastKnownFileType = sourcecode.swift; path = DeliveryDataVerificationError.swift; sourceTree = "<group>"; };
		015D4E0B2CBE7B770085C65C /* CardDataVerificationError.swift */ = {isa = PBXFileReference; lastKnownFileType = sourcecode.swift; path = CardDataVerificationError.swift; sourceTree = "<group>"; };
		0168EFD52CB91F7E008DFDD5 /* OrderListViewController.swift */ = {isa = PBXFileReference; lastKnownFileType = sourcecode.swift; path = OrderListViewController.swift; sourceTree = "<group>"; };
		0168EFD72CB91FAB008DFDD5 /* OrderListView.swift */ = {isa = PBXFileReference; lastKnownFileType = sourcecode.swift; path = OrderListView.swift; sourceTree = "<group>"; };
		0168EFD92CB91FE0008DFDD5 /* OrderListViewModel.swift */ = {isa = PBXFileReference; lastKnownFileType = sourcecode.swift; path = OrderListViewModel.swift; sourceTree = "<group>"; };
		0171D63D2CAD3CD100A9AC88 /* CounterManager.swift */ = {isa = PBXFileReference; lastKnownFileType = sourcecode.swift; path = CounterManager.swift; sourceTree = "<group>"; };
		0172D6F42CB97BE100902C50 /* XmarkButton.swift */ = {isa = PBXFileReference; lastKnownFileType = sourcecode.swift; path = XmarkButton.swift; sourceTree = "<group>"; };
		0172D6F62CB985BD00902C50 /* CompleteDetailsActions.swift */ = {isa = PBXFileReference; lastKnownFileType = sourcecode.swift; path = CompleteDetailsActions.swift; sourceTree = "<group>"; };
		018D973E2CBE56CD00E679A5 /* DeliveryData.swift */ = {isa = PBXFileReference; lastKnownFileType = sourcecode.swift; path = DeliveryData.swift; sourceTree = "<group>"; };
		018D97402CBE585E00E679A5 /* AlertMessage.swift */ = {isa = PBXFileReference; lastKnownFileType = sourcecode.swift; path = AlertMessage.swift; sourceTree = "<group>"; };
		0199B3F52C9AB332006253EF /* FruitHub.app */ = {isa = PBXFileReference; explicitFileType = wrapper.application; includeInIndex = 0; path = FruitHub.app; sourceTree = BUILT_PRODUCTS_DIR; };
		0199B3F82C9AB332006253EF /* AppDelegate.swift */ = {isa = PBXFileReference; lastKnownFileType = sourcecode.swift; path = AppDelegate.swift; sourceTree = "<group>"; };
		0199B3FA2C9AB332006253EF /* SceneDelegate.swift */ = {isa = PBXFileReference; lastKnownFileType = sourcecode.swift; path = SceneDelegate.swift; sourceTree = "<group>"; };
		0199B4012C9AB334006253EF /* Assets.xcassets */ = {isa = PBXFileReference; lastKnownFileType = folder.assetcatalog; path = Assets.xcassets; sourceTree = "<group>"; };
		0199B4042C9AB334006253EF /* Base */ = {isa = PBXFileReference; lastKnownFileType = file.storyboard; name = Base; path = Base.lproj/LaunchScreen.storyboard; sourceTree = "<group>"; };
		0199B4062C9AB334006253EF /* Info.plist */ = {isa = PBXFileReference; lastKnownFileType = text.plist.xml; path = Info.plist; sourceTree = "<group>"; };
		0199B40F2C9AC3A0006253EF /* AppCoordinator.swift */ = {isa = PBXFileReference; lastKnownFileType = sourcecode.swift; path = AppCoordinator.swift; sourceTree = "<group>"; };
		0199B4122C9AC3C5006253EF /* AppCoordinatorProtocol.swift */ = {isa = PBXFileReference; lastKnownFileType = sourcecode.swift; path = AppCoordinatorProtocol.swift; sourceTree = "<group>"; };
		0199B4162C9AC47B006253EF /* CoordinatorFactory.swift */ = {isa = PBXFileReference; lastKnownFileType = sourcecode.swift; path = CoordinatorFactory.swift; sourceTree = "<group>"; };
		0199B4182C9AC5DC006253EF /* SplashCoordinator.swift */ = {isa = PBXFileReference; lastKnownFileType = sourcecode.swift; path = SplashCoordinator.swift; sourceTree = "<group>"; };
		0199B41A2C9AC5FD006253EF /* CoordinatorProtocol.swift */ = {isa = PBXFileReference; lastKnownFileType = sourcecode.swift; path = CoordinatorProtocol.swift; sourceTree = "<group>"; };
		0199B41D2C9AC853006253EF /* ModuleFactory.swift */ = {isa = PBXFileReference; lastKnownFileType = sourcecode.swift; path = ModuleFactory.swift; sourceTree = "<group>"; };
		0199B4232C9AC8BE006253EF /* SplashViewController.swift */ = {isa = PBXFileReference; lastKnownFileType = sourcecode.swift; path = SplashViewController.swift; sourceTree = "<group>"; };
		0199B42B2C9ACC28006253EF /* SplashViewModel.swift */ = {isa = PBXFileReference; lastKnownFileType = sourcecode.swift; path = SplashViewModel.swift; sourceTree = "<group>"; };
		0199B42E2C9ACF80006253EF /* UIColor+Extension.swift */ = {isa = PBXFileReference; lastKnownFileType = sourcecode.swift; path = "UIColor+Extension.swift"; sourceTree = "<group>"; };
		0199B4312C9AD00E006253EF /* ImageAssets.swift */ = {isa = PBXFileReference; lastKnownFileType = sourcecode.swift; path = ImageAssets.swift; sourceTree = "<group>"; };
		0199B4332C9AD133006253EF /* SplashView.swift */ = {isa = PBXFileReference; lastKnownFileType = sourcecode.swift; path = SplashView.swift; sourceTree = "<group>"; };
		0199B4352C9AD3C4006253EF /* Colors.swift */ = {isa = PBXFileReference; lastKnownFileType = sourcecode.swift; path = Colors.swift; sourceTree = "<group>"; };
		0199B43A2C9ADCA4006253EF /* WelcomeViewController.swift */ = {isa = PBXFileReference; lastKnownFileType = sourcecode.swift; path = WelcomeViewController.swift; sourceTree = "<group>"; };
		0199B43C2C9ADCC9006253EF /* WelcomeViewModel.swift */ = {isa = PBXFileReference; lastKnownFileType = sourcecode.swift; path = WelcomeViewModel.swift; sourceTree = "<group>"; };
		0199B43F2C9ADEC5006253EF /* ScreenTransition.swift */ = {isa = PBXFileReference; lastKnownFileType = sourcecode.swift; path = ScreenTransition.swift; sourceTree = "<group>"; };
		0199B4412C9AE007006253EF /* WelcomeCoordinator.swift */ = {isa = PBXFileReference; lastKnownFileType = sourcecode.swift; path = WelcomeCoordinator.swift; sourceTree = "<group>"; };
		0199B4432C9AE308006253EF /* WelcomeView.swift */ = {isa = PBXFileReference; lastKnownFileType = sourcecode.swift; path = WelcomeView.swift; sourceTree = "<group>"; };
		01B2A57C2CABF1B700FE62EB /* SaladView.swift */ = {isa = PBXFileReference; lastKnownFileType = sourcecode.swift; path = SaladView.swift; sourceTree = "<group>"; };
		01B2A57D2CABF1B700FE62EB /* SaladViewController.swift */ = {isa = PBXFileReference; lastKnownFileType = sourcecode.swift; path = SaladViewController.swift; sourceTree = "<group>"; };
		01B2A57F2CABF1B700FE62EB /* SaladViewModel.swift */ = {isa = PBXFileReference; lastKnownFileType = sourcecode.swift; path = SaladViewModel.swift; sourceTree = "<group>"; };
		01B2A5852CAC3E9E00FE62EB /* CounterChange.swift */ = {isa = PBXFileReference; lastKnownFileType = sourcecode.swift; path = CounterChange.swift; sourceTree = "<group>"; };
		01B2B3D72CA16B030064B319 /* EnterNameViewController.swift */ = {isa = PBXFileReference; lastKnownFileType = sourcecode.swift; path = EnterNameViewController.swift; sourceTree = "<group>"; };
		01B2B3D92CA16B0D0064B319 /* EnterNameView.swift */ = {isa = PBXFileReference; lastKnownFileType = sourcecode.swift; path = EnterNameView.swift; sourceTree = "<group>"; };
		01B2B3DC2CA16B1D0064B319 /* EnterNameViewModel.swift */ = {isa = PBXFileReference; lastKnownFileType = sourcecode.swift; path = EnterNameViewModel.swift; sourceTree = "<group>"; };
		01B2B3DE2CA16E8B0064B319 /* EnterNameCoordinator.swift */ = {isa = PBXFileReference; lastKnownFileType = sourcecode.swift; path = EnterNameCoordinator.swift; sourceTree = "<group>"; };
		01B2B3E12CA1723B0064B319 /* OrangeFillButton.swift */ = {isa = PBXFileReference; lastKnownFileType = sourcecode.swift; path = OrangeFillButton.swift; sourceTree = "<group>"; };
		01B2B3E32CA1744F0064B319 /* ButtonTitles.swift */ = {isa = PBXFileReference; lastKnownFileType = sourcecode.swift; path = ButtonTitles.swift; sourceTree = "<group>"; };
		01B2B3E72CA17C520064B319 /* CustomTextField.swift */ = {isa = PBXFileReference; lastKnownFileType = sourcecode.swift; path = CustomTextField.swift; sourceTree = "<group>"; };
		01B2B3E92CA17E760064B319 /* Placeholders.swift */ = {isa = PBXFileReference; lastKnownFileType = sourcecode.swift; path = Placeholders.swift; sourceTree = "<group>"; };
		01B2B3EC2CA188090064B319 /* AnimationManager.swift */ = {isa = PBXFileReference; lastKnownFileType = sourcecode.swift; path = AnimationManager.swift; sourceTree = "<group>"; };
		01B2B3EE2CA1B9F70064B319 /* LabelNames.swift */ = {isa = PBXFileReference; lastKnownFileType = sourcecode.swift; path = LabelNames.swift; sourceTree = "<group>"; };
		01B2B3F32CA1C82A0064B319 /* HomeViewController.swift */ = {isa = PBXFileReference; lastKnownFileType = sourcecode.swift; path = HomeViewController.swift; sourceTree = "<group>"; };
		01B2B3F52CA1C8530064B319 /* HomeViewModel.swift */ = {isa = PBXFileReference; lastKnownFileType = sourcecode.swift; path = HomeViewModel.swift; sourceTree = "<group>"; };
		01B2B3F72CA1CC000064B319 /* HomeCoordinator.swift */ = {isa = PBXFileReference; lastKnownFileType = sourcecode.swift; path = HomeCoordinator.swift; sourceTree = "<group>"; };
		01B2B3F92CA1CE960064B319 /* HomeView.swift */ = {isa = PBXFileReference; lastKnownFileType = sourcecode.swift; path = HomeView.swift; sourceTree = "<group>"; };
		01B2B3FB2CA1D6CA0064B319 /* Basket.swift */ = {isa = PBXFileReference; lastKnownFileType = sourcecode.swift; path = Basket.swift; sourceTree = "<group>"; };
		01B8AAC52CB93BD0009BE3EB /* NavigationItemTitle.swift */ = {isa = PBXFileReference; lastKnownFileType = sourcecode.swift; path = NavigationItemTitle.swift; sourceTree = "<group>"; };
		01B8AAC72CB94FB3009BE3EB /* OrderListCell.swift */ = {isa = PBXFileReference; lastKnownFileType = sourcecode.swift; path = OrderListCell.swift; sourceTree = "<group>"; };
		01B8AACC2CB9660A009BE3EB /* CompleteDetailsViewController.swift */ = {isa = PBXFileReference; lastKnownFileType = sourcecode.swift; path = CompleteDetailsViewController.swift; sourceTree = "<group>"; };
		01B8AACE2CB9667B009BE3EB /* CompleteDetailsView.swift */ = {isa = PBXFileReference; lastKnownFileType = sourcecode.swift; path = CompleteDetailsView.swift; sourceTree = "<group>"; };
		01B8AAD02CB966DB009BE3EB /* CompleteDetailsViewModel.swift */ = {isa = PBXFileReference; lastKnownFileType = sourcecode.swift; path = CompleteDetailsViewModel.swift; sourceTree = "<group>"; };
		01CA6A312CBA806E00D4AF80 /* OrangeButton.swift */ = {isa = PBXFileReference; lastKnownFileType = sourcecode.swift; path = OrangeButton.swift; sourceTree = "<group>"; };
/* End PBXFileReference section */

/* Begin PBXFrameworksBuildPhase section */
		0199B3F22C9AB332006253EF /* Frameworks */ = {
			isa = PBXFrameworksBuildPhase;
			buildActionMask = 2147483647;
			files = (
				0157A2B02CA2BFC9005FEE4E /* SDWebImageMapKit in Frameworks */,
				0125B57E2CC7EE9200D7FC39 /* FirebaseCore in Frameworks */,
				0125B5802CC7EE9200D7FC39 /* FirebaseDatabase in Frameworks */,
				0125B5822CC7EE9200D7FC39 /* FirebaseFirestore in Frameworks */,
				0157A2AE2CA2BFC9005FEE4E /* SDWebImage in Frameworks */,
				0125B5842CC7EE9200D7FC39 /* FirebaseStorage in Frameworks */,
			);
			runOnlyForDeploymentPostprocessing = 0;
		};
/* End PBXFrameworksBuildPhase section */

/* Begin PBXGroup section */
		010FAD142CBBBA62009D1250 /* CardDetailsModule */ = {
			isa = PBXGroup;
			children = (
				010FAD1F2CBBBF00009D1250 /* CardDetailsActions.swift */,
				010FAD162CBBBA78009D1250 /* UI */,
				010FAD152CBBBA71009D1250 /* ViewModel */,
			);
			path = CardDetailsModule;
			sourceTree = "<group>";
		};
		010FAD152CBBBA71009D1250 /* ViewModel */ = {
			isa = PBXGroup;
			children = (
				010FAD1D2CBBBB5D009D1250 /* CardDetailsViewModel.swift */,
			);
			path = ViewModel;
			sourceTree = "<group>";
		};
		010FAD162CBBBA78009D1250 /* UI */ = {
			isa = PBXGroup;
			children = (
				010FAD1B2CBBBAE3009D1250 /* CardDetailsViewController.swift */,
				010FAD172CBBBA94009D1250 /* CardDetailsView.swift */,
			);
			path = UI;
			sourceTree = "<group>";
		};
		011AFC3A2CAAEF05006541F9 /* Cell */ = {
			isa = PBXGroup;
			children = (
				0157A2AA2CA29F33005FEE4E /* SaladCell.swift */,
				011AFC372CAAB638006541F9 /* NavigationCell.swift */,
			);
			path = Cell;
			sourceTree = "<group>";
		};
		013567D02CA41E0D00CF6696 /* Entity */ = {
			isa = PBXGroup;
			children = (
				013567D12CA41E2D00CF6696 /* FruitSalad.swift */,
				014D9DD22CBBEB2B00E99251 /* CardData.swift */,
				018D973E2CBE56CD00E679A5 /* DeliveryData.swift */,
				015D4E022CBE651E0085C65C /* User.swift */,
			);
			path = Entity;
			sourceTree = "<group>";
		};
		0154F5932CBD132000670F97 /* OrderCompleteModule */ = {
			isa = PBXGroup;
			children = (
				0154F5952CBD134100670F97 /* UI */,
				0154F5942CBD133B00670F97 /* ViewModel */,
			);
			path = OrderCompleteModule;
			sourceTree = "<group>";
		};
		0154F5942CBD133B00670F97 /* ViewModel */ = {
			isa = PBXGroup;
			children = (
				0154F59A2CBD150900670F97 /* OrderCompleteViewModel.swift */,
			);
			path = ViewModel;
			sourceTree = "<group>";
		};
		0154F5952CBD134100670F97 /* UI */ = {
			isa = PBXGroup;
			children = (
				0154F5962CBD135900670F97 /* OrderCompleteViewController.swift */,
				0154F5982CBD137E00670F97 /* OrderCompleteView.swift */,
			);
			path = UI;
			sourceTree = "<group>";
		};
		015D4E062CBE71580085C65C /* Error */ = {
			isa = PBXGroup;
			children = (
				015D4E072CBE71730085C65C /* UserVerificationError.swift */,
				015D4E092CBE765C0085C65C /* DeliveryDataVerificationError.swift */,
				015D4E0B2CBE7B770085C65C /* CardDataVerificationError.swift */,
			);
			path = Error;
			sourceTree = "<group>";
		};
		0168EFC92CB91B14008DFDD5 /* OrderListModule */ = {
			isa = PBXGroup;
			children = (
				0168EFCC2CB91B54008DFDD5 /* UI */,
				0168EFCD2CB91B54008DFDD5 /* ViewModel */,
			);
			path = OrderListModule;
			sourceTree = "<group>";
		};
		0168EFCC2CB91B54008DFDD5 /* UI */ = {
			isa = PBXGroup;
			children = (
				0168EFD52CB91F7E008DFDD5 /* OrderListViewController.swift */,
				0168EFD72CB91FAB008DFDD5 /* OrderListView.swift */,
				01B8AAC72CB94FB3009BE3EB /* OrderListCell.swift */,
			);
			path = UI;
			sourceTree = "<group>";
		};
		0168EFCD2CB91B54008DFDD5 /* ViewModel */ = {
			isa = PBXGroup;
			children = (
				0168EFD92CB91FE0008DFDD5 /* OrderListViewModel.swift */,
			);
			path = ViewModel;
			sourceTree = "<group>";
		};
		0199B3EC2C9AB332006253EF = {
			isa = PBXGroup;
			children = (
				0199B3F72C9AB332006253EF /* FruitHub */,
				0199B3F62C9AB332006253EF /* Products */,
			);
			sourceTree = "<group>";
		};
		0199B3F62C9AB332006253EF /* Products */ = {
			isa = PBXGroup;
			children = (
				0199B3F52C9AB332006253EF /* FruitHub.app */,
			);
			name = Products;
			sourceTree = "<group>";
		};
		0199B3F72C9AB332006253EF /* FruitHub */ = {
			isa = PBXGroup;
			children = (
				0199B40C2C9AB36E006253EF /* Application */,
				0199B40E2C9AC043006253EF /* Coordinators */,
				013567D02CA41E0D00CF6696 /* Entity */,
				015D4E062CBE71580085C65C /* Error */,
				0199B42D2C9ACF6C006253EF /* Extension */,
				0199B4142C9AC445006253EF /* Factories */,
				0199B4302C9ACFD3006253EF /* Helper */,
				01B2B3EB2CA187F50064B319 /* Manager */,
				0199B41F2C9AC893006253EF /* Module */,
				0199B40D2C9AB37E006253EF /* Resource */,
				01B2B3E02CA171FD0064B319 /* Shared */,
			);
			path = FruitHub;
			sourceTree = "<group>";
		};
		0199B40C2C9AB36E006253EF /* Application */ = {
			isa = PBXGroup;
			children = (
				0199B3F82C9AB332006253EF /* AppDelegate.swift */,
				0199B3FA2C9AB332006253EF /* SceneDelegate.swift */,
			);
			path = Application;
			sourceTree = "<group>";
		};
		0199B40D2C9AB37E006253EF /* Resource */ = {
			isa = PBXGroup;
			children = (
				0199B4012C9AB334006253EF /* Assets.xcassets */,
				0199B4032C9AB334006253EF /* LaunchScreen.storyboard */,
				0199B4062C9AB334006253EF /* Info.plist */,
				0125B57A2CC7ECB000D7FC39 /* GoogleService-Info.plist */,
			);
			path = Resource;
			sourceTree = "<group>";
		};
		0199B40E2C9AC043006253EF /* Coordinators */ = {
			isa = PBXGroup;
			children = (
				0199B4112C9AC3AE006253EF /* Protocols */,
				0199B40F2C9AC3A0006253EF /* AppCoordinator.swift */,
				0199B4182C9AC5DC006253EF /* SplashCoordinator.swift */,
				0199B4412C9AE007006253EF /* WelcomeCoordinator.swift */,
				01B2B3DE2CA16E8B0064B319 /* EnterNameCoordinator.swift */,
				01B2B3F72CA1CC000064B319 /* HomeCoordinator.swift */,
			);
			path = Coordinators;
			sourceTree = "<group>";
		};
		0199B4112C9AC3AE006253EF /* Protocols */ = {
			isa = PBXGroup;
			children = (
				0199B4122C9AC3C5006253EF /* AppCoordinatorProtocol.swift */,
				0199B41A2C9AC5FD006253EF /* CoordinatorProtocol.swift */,
			);
			path = Protocols;
			sourceTree = "<group>";
		};
		0199B4142C9AC445006253EF /* Factories */ = {
			isa = PBXGroup;
			children = (
				0199B4152C9AC45F006253EF /* Coordinator */,
				0199B41C2C9AC756006253EF /* Module */,
			);
			path = Factories;
			sourceTree = "<group>";
		};
		0199B4152C9AC45F006253EF /* Coordinator */ = {
			isa = PBXGroup;
			children = (
				0199B4162C9AC47B006253EF /* CoordinatorFactory.swift */,
			);
			path = Coordinator;
			sourceTree = "<group>";
		};
		0199B41C2C9AC756006253EF /* Module */ = {
			isa = PBXGroup;
			children = (
				0199B41D2C9AC853006253EF /* ModuleFactory.swift */,
			);
			path = Module;
			sourceTree = "<group>";
		};
		0199B41F2C9AC893006253EF /* Module */ = {
			isa = PBXGroup;
			children = (
				0199B43E2C9ADE9D006253EF /* Protocols */,
				0199B4222C9AC8AE006253EF /* SplashModule */,
				0199B4372C9ADC73006253EF /* WelcomeModule */,
				01B2B3D42CA16A5C0064B319 /* EnterNameModule */,
				01B2B3F02CA1C7F30064B319 /* HomeModule */,
				01B2A5812CABF1B700FE62EB /* SaladModule */,
				0168EFC92CB91B14008DFDD5 /* OrderListModule */,
				01B8AAC92CB965C2009BE3EB /* CompleteDetailsModule */,
				010FAD142CBBBA62009D1250 /* CardDetailsModule */,
				0154F5932CBD132000670F97 /* OrderCompleteModule */,
			);
			path = Module;
			sourceTree = "<group>";
		};
		0199B4222C9AC8AE006253EF /* SplashModule */ = {
			isa = PBXGroup;
			children = (
				0199B4252C9ACB68006253EF /* UI */,
				0199B42A2C9ACBC6006253EF /* ViewModel */,
			);
			path = SplashModule;
			sourceTree = "<group>";
		};
		0199B4252C9ACB68006253EF /* UI */ = {
			isa = PBXGroup;
			children = (
				0199B4232C9AC8BE006253EF /* SplashViewController.swift */,
				0199B4332C9AD133006253EF /* SplashView.swift */,
			);
			path = UI;
			sourceTree = "<group>";
		};
		0199B42A2C9ACBC6006253EF /* ViewModel */ = {
			isa = PBXGroup;
			children = (
				0199B42B2C9ACC28006253EF /* SplashViewModel.swift */,
			);
			path = ViewModel;
			sourceTree = "<group>";
		};
		0199B42D2C9ACF6C006253EF /* Extension */ = {
			isa = PBXGroup;
			children = (
				0199B42E2C9ACF80006253EF /* UIColor+Extension.swift */,
			);
			path = Extension;
			sourceTree = "<group>";
		};
		0199B4302C9ACFD3006253EF /* Helper */ = {
			isa = PBXGroup;
			children = (
				0199B4312C9AD00E006253EF /* ImageAssets.swift */,
				0199B4352C9AD3C4006253EF /* Colors.swift */,
				01B2B3E32CA1744F0064B319 /* ButtonTitles.swift */,
				013567CE2CA41C6800CF6696 /* SystemImages.swift */,
				01B2B3E92CA17E760064B319 /* Placeholders.swift */,
				01B2B3EE2CA1B9F70064B319 /* LabelNames.swift */,
				011AFC3D2CAAF3C2006541F9 /* SaladCellIdentifier.swift */,
				01B8AAC52CB93BD0009BE3EB /* NavigationItemTitle.swift */,
				018D97402CBE585E00E679A5 /* AlertMessage.swift */,
			);
			path = Helper;
			sourceTree = "<group>";
		};
		0199B4372C9ADC73006253EF /* WelcomeModule */ = {
			isa = PBXGroup;
			children = (
				0199B4392C9ADC95006253EF /* UI */,
				0199B4382C9ADC8B006253EF /* ViewModel */,
			);
			path = WelcomeModule;
			sourceTree = "<group>";
		};
		0199B4382C9ADC8B006253EF /* ViewModel */ = {
			isa = PBXGroup;
			children = (
				0199B43C2C9ADCC9006253EF /* WelcomeViewModel.swift */,
			);
			path = ViewModel;
			sourceTree = "<group>";
		};
		0199B4392C9ADC95006253EF /* UI */ = {
			isa = PBXGroup;
			children = (
				0199B43A2C9ADCA4006253EF /* WelcomeViewController.swift */,
				0199B4432C9AE308006253EF /* WelcomeView.swift */,
			);
			path = UI;
			sourceTree = "<group>";
		};
		0199B43E2C9ADE9D006253EF /* Protocols */ = {
			isa = PBXGroup;
			children = (
				0199B43F2C9ADEC5006253EF /* ScreenTransition.swift */,
			);
			path = Protocols;
			sourceTree = "<group>";
		};
		01B2A57E2CABF1B700FE62EB /* UI */ = {
			isa = PBXGroup;
			children = (
				01B2A57D2CABF1B700FE62EB /* SaladViewController.swift */,
				01B2A57C2CABF1B700FE62EB /* SaladView.swift */,
			);
			path = UI;
			sourceTree = "<group>";
		};
		01B2A5802CABF1B700FE62EB /* ViewModel */ = {
			isa = PBXGroup;
			children = (
				01B2A57F2CABF1B700FE62EB /* SaladViewModel.swift */,
			);
			path = ViewModel;
			sourceTree = "<group>";
		};
		01B2A5812CABF1B700FE62EB /* SaladModule */ = {
			isa = PBXGroup;
			children = (
				01B2A57E2CABF1B700FE62EB /* UI */,
				01B2A5802CABF1B700FE62EB /* ViewModel */,
			);
			path = SaladModule;
			sourceTree = "<group>";
		};
		01B2B3D42CA16A5C0064B319 /* EnterNameModule */ = {
			isa = PBXGroup;
			children = (
				01B2B3D62CA16AED0064B319 /* UI */,
				01B2B3D52CA16AE70064B319 /* ViewModel */,
			);
			path = EnterNameModule;
			sourceTree = "<group>";
		};
		01B2B3D52CA16AE70064B319 /* ViewModel */ = {
			isa = PBXGroup;
			children = (
				01B2B3DC2CA16B1D0064B319 /* EnterNameViewModel.swift */,
			);
			path = ViewModel;
			sourceTree = "<group>";
		};
		01B2B3D62CA16AED0064B319 /* UI */ = {
			isa = PBXGroup;
			children = (
				01B2B3D72CA16B030064B319 /* EnterNameViewController.swift */,
				01B2B3D92CA16B0D0064B319 /* EnterNameView.swift */,
			);
			path = UI;
			sourceTree = "<group>";
		};
		01B2B3E02CA171FD0064B319 /* Shared */ = {
			isa = PBXGroup;
			children = (
				01B2B3E12CA1723B0064B319 /* OrangeFillButton.swift */,
				01B2B3E72CA17C520064B319 /* CustomTextField.swift */,
				01B2B3FB2CA1D6CA0064B319 /* Basket.swift */,
				013567C82CA418AA00CF6696 /* PlusButton.swift */,
				013567D32CA421DC00CF6696 /* FavoriteButton.swift */,
				011AFC512CAB0C06006541F9 /* BackButtonView.swift */,
				01B2A5852CAC3E9E00FE62EB /* CounterChange.swift */,
				0172D6F42CB97BE100902C50 /* XmarkButton.swift */,
				01CA6A312CBA806E00D4AF80 /* OrangeButton.swift */,
			);
			path = Shared;
			sourceTree = "<group>";
		};
		01B2B3EB2CA187F50064B319 /* Manager */ = {
			isa = PBXGroup;
			children = (
				01B2B3EC2CA188090064B319 /* AnimationManager.swift */,
				0171D63D2CAD3CD100A9AC88 /* CounterManager.swift */,
				015D4E042CBE6FC60085C65C /* DataVerificationManager.swift */,
				0125B5852CC8409500D7FC39 /* FirebaseManager.swift */,
			);
			path = Manager;
			sourceTree = "<group>";
		};
		01B2B3F02CA1C7F30064B319 /* HomeModule */ = {
			isa = PBXGroup;
			children = (
				011AFC4D2CAB0728006541F9 /* HomeActions.swift */,
				01B2B3F22CA1C8200064B319 /* UI */,
				01B2B3F12CA1C81B0064B319 /* ViewModel */,
			);
			path = HomeModule;
			sourceTree = "<group>";
		};
		01B2B3F12CA1C81B0064B319 /* ViewModel */ = {
			isa = PBXGroup;
			children = (
				01B2B3F52CA1C8530064B319 /* HomeViewModel.swift */,
			);
			path = ViewModel;
			sourceTree = "<group>";
		};
		01B2B3F22CA1C8200064B319 /* UI */ = {
			isa = PBXGroup;
			children = (
				01B2B3F32CA1C82A0064B319 /* HomeViewController.swift */,
				01B2B3F92CA1CE960064B319 /* HomeView.swift */,
				011AFC3A2CAAEF05006541F9 /* Cell */,
			);
			path = UI;
			sourceTree = "<group>";
		};
		01B8AAC92CB965C2009BE3EB /* CompleteDetailsModule */ = {
			isa = PBXGroup;
			children = (
				0172D6F62CB985BD00902C50 /* CompleteDetailsActions.swift */,
				01B8AACB2CB965F2009BE3EB /* UI */,
				01B8AACA2CB965ED009BE3EB /* ViewModel */,
			);
			path = CompleteDetailsModule;
			sourceTree = "<group>";
		};
		01B8AACA2CB965ED009BE3EB /* ViewModel */ = {
			isa = PBXGroup;
			children = (
				01B8AAD02CB966DB009BE3EB /* CompleteDetailsViewModel.swift */,
			);
			path = ViewModel;
			sourceTree = "<group>";
		};
		01B8AACB2CB965F2009BE3EB /* UI */ = {
			isa = PBXGroup;
			children = (
				01B8AACC2CB9660A009BE3EB /* CompleteDetailsViewController.swift */,
				01B8AACE2CB9667B009BE3EB /* CompleteDetailsView.swift */,
			);
			path = UI;
			sourceTree = "<group>";
		};
/* End PBXGroup section */

/* Begin PBXNativeTarget section */
		0199B3F42C9AB332006253EF /* FruitHub */ = {
			isa = PBXNativeTarget;
			buildConfigurationList = 0199B4092C9AB334006253EF /* Build configuration list for PBXNativeTarget "FruitHub" */;
			buildPhases = (
				0199B3F12C9AB332006253EF /* Sources */,
				0199B3F22C9AB332006253EF /* Frameworks */,
				0199B3F32C9AB332006253EF /* Resources */,
			);
			buildRules = (
			);
			dependencies = (
			);
			name = FruitHub;
			packageProductDependencies = (
				0157A2AD2CA2BFC9005FEE4E /* SDWebImage */,
				0157A2AF2CA2BFC9005FEE4E /* SDWebImageMapKit */,
				0125B57D2CC7EE9200D7FC39 /* FirebaseCore */,
				0125B57F2CC7EE9200D7FC39 /* FirebaseDatabase */,
				0125B5812CC7EE9200D7FC39 /* FirebaseFirestore */,
				0125B5832CC7EE9200D7FC39 /* FirebaseStorage */,
			);
			productName = FruitHub;
			productReference = 0199B3F52C9AB332006253EF /* FruitHub.app */;
			productType = "com.apple.product-type.application";
		};
/* End PBXNativeTarget section */

/* Begin PBXProject section */
		0199B3ED2C9AB332006253EF /* Project object */ = {
			isa = PBXProject;
			attributes = {
				BuildIndependentTargetsInParallel = 1;
				LastSwiftUpdateCheck = 1540;
				LastUpgradeCheck = 1540;
				TargetAttributes = {
					0199B3F42C9AB332006253EF = {
						CreatedOnToolsVersion = 15.4;
					};
				};
			};
			buildConfigurationList = 0199B3F02C9AB332006253EF /* Build configuration list for PBXProject "FruitHub" */;
			compatibilityVersion = "Xcode 14.0";
			developmentRegion = en;
			hasScannedForEncodings = 0;
			knownRegions = (
				en,
				Base,
			);
			mainGroup = 0199B3EC2C9AB332006253EF;
			packageReferences = (
				0157A2AC2CA2BFC9005FEE4E /* XCRemoteSwiftPackageReference "SDWebImage" */,
				0125B57C2CC7EE9200D7FC39 /* XCRemoteSwiftPackageReference "firebase-ios-sdk" */,
			);
			productRefGroup = 0199B3F62C9AB332006253EF /* Products */;
			projectDirPath = "";
			projectRoot = "";
			targets = (
				0199B3F42C9AB332006253EF /* FruitHub */,
			);
		};
/* End PBXProject section */

/* Begin PBXResourcesBuildPhase section */
		0199B3F32C9AB332006253EF /* Resources */ = {
			isa = PBXResourcesBuildPhase;
			buildActionMask = 2147483647;
			files = (
				0199B4022C9AB334006253EF /* Assets.xcassets in Resources */,
				0199B4052C9AB334006253EF /* Base in Resources */,
				0125B57B2CC7ECB000D7FC39 /* GoogleService-Info.plist in Resources */,
			);
			runOnlyForDeploymentPostprocessing = 0;
		};
/* End PBXResourcesBuildPhase section */

/* Begin PBXSourcesBuildPhase section */
		0199B3F12C9AB332006253EF /* Sources */ = {
			isa = PBXSourcesBuildPhase;
			buildActionMask = 2147483647;
			files = (
				01B2B3E82CA17C520064B319 /* CustomTextField.swift in Sources */,
				0199B4102C9AC3A0006253EF /* AppCoordinator.swift in Sources */,
				0199B41E2C9AC853006253EF /* ModuleFactory.swift in Sources */,
				0168EFD62CB91F7E008DFDD5 /* OrderListViewController.swift in Sources */,
				0199B4322C9AD00E006253EF /* ImageAssets.swift in Sources */,
				01B2B3FC2CA1D6CA0064B319 /* Basket.swift in Sources */,
				010FAD202CBBBF00009D1250 /* CardDetailsActions.swift in Sources */,
				01B2A5862CAC3E9E00FE62EB /* CounterChange.swift in Sources */,
				010FAD182CBBBA94009D1250 /* CardDetailsView.swift in Sources */,
				011AFC3E2CAAF3C2006541F9 /* SaladCellIdentifier.swift in Sources */,
				01B2B3ED2CA188090064B319 /* AnimationManager.swift in Sources */,
				01B2B3F42CA1C82A0064B319 /* HomeViewController.swift in Sources */,
				0199B4362C9AD3C4006253EF /* Colors.swift in Sources */,
				0172D6F72CB985BD00902C50 /* CompleteDetailsActions.swift in Sources */,
				0171D63E2CAD3CD100A9AC88 /* CounterManager.swift in Sources */,
				0172D6F52CB97BE100902C50 /* XmarkButton.swift in Sources */,
				0199B41B2C9AC5FD006253EF /* CoordinatorProtocol.swift in Sources */,
				0199B4422C9AE007006253EF /* WelcomeCoordinator.swift in Sources */,
				0199B42F2C9ACF80006253EF /* UIColor+Extension.swift in Sources */,
				0199B4402C9ADEC5006253EF /* ScreenTransition.swift in Sources */,
				010FAD1E2CBBBB5D009D1250 /* CardDetailsViewModel.swift in Sources */,
				015D4E032CBE651E0085C65C /* User.swift in Sources */,
				013567D42CA421DC00CF6696 /* FavoriteButton.swift in Sources */,
				011AFC522CAB0C06006541F9 /* BackButtonView.swift in Sources */,
				018D973F2CBE56CD00E679A5 /* DeliveryData.swift in Sources */,
				013567D22CA41E2D00CF6696 /* FruitSalad.swift in Sources */,
				013567CF2CA41C6800CF6696 /* SystemImages.swift in Sources */,
				0199B43B2C9ADCA4006253EF /* WelcomeViewController.swift in Sources */,
				0168EFDA2CB91FE0008DFDD5 /* OrderListViewModel.swift in Sources */,
				018D97412CBE585E00E679A5 /* AlertMessage.swift in Sources */,
				0199B4242C9AC8BE006253EF /* SplashViewController.swift in Sources */,
				0199B3F92C9AB332006253EF /* AppDelegate.swift in Sources */,
				0199B43D2C9ADCC9006253EF /* WelcomeViewModel.swift in Sources */,
				0157A2AB2CA29F33005FEE4E /* SaladCell.swift in Sources */,
				014D9DD32CBBEB2B00E99251 /* CardData.swift in Sources */,
				0154F5992CBD137E00670F97 /* OrderCompleteView.swift in Sources */,
				01B8AACD2CB9660A009BE3EB /* CompleteDetailsViewController.swift in Sources */,
				0199B42C2C9ACC28006253EF /* SplashViewModel.swift in Sources */,
				01B2B3EA2CA17E760064B319 /* Placeholders.swift in Sources */,
				01B2B3E22CA1723C0064B319 /* OrangeFillButton.swift in Sources */,
				0199B4342C9AD133006253EF /* SplashView.swift in Sources */,
				01B2B3EF2CA1B9F70064B319 /* LabelNames.swift in Sources */,
				0125B5862CC8409500D7FC39 /* FirebaseManager.swift in Sources */,
				015D4E082CBE71730085C65C /* UserVerificationError.swift in Sources */,
				0199B4172C9AC47B006253EF /* CoordinatorFactory.swift in Sources */,
				0199B4192C9AC5DC006253EF /* SplashCoordinator.swift in Sources */,
				01B2B3DA2CA16B0D0064B319 /* EnterNameView.swift in Sources */,
				0199B4132C9AC3C5006253EF /* AppCoordinatorProtocol.swift in Sources */,
				0154F5972CBD135900670F97 /* OrderCompleteViewController.swift in Sources */,
				01B8AAD12CB966DB009BE3EB /* CompleteDetailsViewModel.swift in Sources */,
				01B2B3DD2CA16B1D0064B319 /* EnterNameViewModel.swift in Sources */,
				01B8AACF2CB9667B009BE3EB /* CompleteDetailsView.swift in Sources */,
				015D4E0C2CBE7B770085C65C /* CardDataVerificationError.swift in Sources */,
				015D4E0A2CBE765C0085C65C /* DeliveryDataVerificationError.swift in Sources */,
				0168EFD82CB91FAB008DFDD5 /* OrderListView.swift in Sources */,
				0154F59B2CBD150900670F97 /* OrderCompleteViewModel.swift in Sources */,
				01B8AAC62CB93BD0009BE3EB /* NavigationItemTitle.swift in Sources */,
				01B2B3E42CA1744F0064B319 /* ButtonTitles.swift in Sources */,
				01B2B3DF2CA16E8B0064B319 /* EnterNameCoordinator.swift in Sources */,
				010FAD1C2CBBBAE3009D1250 /* CardDetailsViewController.swift in Sources */,
				01B2B3FA2CA1CE960064B319 /* HomeView.swift in Sources */,
				0199B3FB2C9AB332006253EF /* SceneDelegate.swift in Sources */,
				015D4E052CBE6FC60085C65C /* DataVerificationManager.swift in Sources */,
				01B2B3D82CA16B030064B319 /* EnterNameViewController.swift in Sources */,
				01B2B3F82CA1CC000064B319 /* HomeCoordinator.swift in Sources */,
				01B2B3F62CA1C8530064B319 /* HomeViewModel.swift in Sources */,
				0199B4442C9AE308006253EF /* WelcomeView.swift in Sources */,
				013567C92CA418AA00CF6696 /* PlusButton.swift in Sources */,
				011AFC382CAAB638006541F9 /* NavigationCell.swift in Sources */,
				01B2A5822CABF1B700FE62EB /* SaladView.swift in Sources */,
				01B2A5832CABF1B700FE62EB /* SaladViewController.swift in Sources */,
				01CA6A322CBA806E00D4AF80 /* OrangeButton.swift in Sources */,
				01B8AAC82CB94FB3009BE3EB /* OrderListCell.swift in Sources */,
				01B2A5842CABF1B700FE62EB /* SaladViewModel.swift in Sources */,
				011AFC4E2CAB0728006541F9 /* HomeActions.swift in Sources */,
			);
			runOnlyForDeploymentPostprocessing = 0;
		};
/* End PBXSourcesBuildPhase section */

/* Begin PBXVariantGroup section */
		0199B4032C9AB334006253EF /* LaunchScreen.storyboard */ = {
			isa = PBXVariantGroup;
			children = (
				0199B4042C9AB334006253EF /* Base */,
			);
			name = LaunchScreen.storyboard;
			sourceTree = "<group>";
		};
/* End PBXVariantGroup section */

/* Begin XCBuildConfiguration section */
		0199B4072C9AB334006253EF /* Debug */ = {
			isa = XCBuildConfiguration;
			buildSettings = {
				ALWAYS_SEARCH_USER_PATHS = NO;
				ASSETCATALOG_COMPILER_GENERATE_SWIFT_ASSET_SYMBOL_EXTENSIONS = YES;
				CLANG_ANALYZER_NONNULL = YES;
				CLANG_ANALYZER_NUMBER_OBJECT_CONVERSION = YES_AGGRESSIVE;
				CLANG_CXX_LANGUAGE_STANDARD = "gnu++20";
				CLANG_ENABLE_MODULES = YES;
				CLANG_ENABLE_OBJC_ARC = YES;
				CLANG_ENABLE_OBJC_WEAK = YES;
				CLANG_WARN_BLOCK_CAPTURE_AUTORELEASING = YES;
				CLANG_WARN_BOOL_CONVERSION = YES;
				CLANG_WARN_COMMA = YES;
				CLANG_WARN_CONSTANT_CONVERSION = YES;
				CLANG_WARN_DEPRECATED_OBJC_IMPLEMENTATIONS = YES;
				CLANG_WARN_DIRECT_OBJC_ISA_USAGE = YES_ERROR;
				CLANG_WARN_DOCUMENTATION_COMMENTS = YES;
				CLANG_WARN_EMPTY_BODY = YES;
				CLANG_WARN_ENUM_CONVERSION = YES;
				CLANG_WARN_INFINITE_RECURSION = YES;
				CLANG_WARN_INT_CONVERSION = YES;
				CLANG_WARN_NON_LITERAL_NULL_CONVERSION = YES;
				CLANG_WARN_OBJC_IMPLICIT_RETAIN_SELF = YES;
				CLANG_WARN_OBJC_LITERAL_CONVERSION = YES;
				CLANG_WARN_OBJC_ROOT_CLASS = YES_ERROR;
				CLANG_WARN_QUOTED_INCLUDE_IN_FRAMEWORK_HEADER = YES;
				CLANG_WARN_RANGE_LOOP_ANALYSIS = YES;
				CLANG_WARN_STRICT_PROTOTYPES = YES;
				CLANG_WARN_SUSPICIOUS_MOVE = YES;
				CLANG_WARN_UNGUARDED_AVAILABILITY = YES_AGGRESSIVE;
				CLANG_WARN_UNREACHABLE_CODE = YES;
				CLANG_WARN__DUPLICATE_METHOD_MATCH = YES;
				COPY_PHASE_STRIP = NO;
				DEBUG_INFORMATION_FORMAT = dwarf;
				ENABLE_STRICT_OBJC_MSGSEND = YES;
				ENABLE_TESTABILITY = YES;
				ENABLE_USER_SCRIPT_SANDBOXING = YES;
				GCC_C_LANGUAGE_STANDARD = gnu17;
				GCC_DYNAMIC_NO_PIC = NO;
				GCC_NO_COMMON_BLOCKS = YES;
				GCC_OPTIMIZATION_LEVEL = 0;
				GCC_PREPROCESSOR_DEFINITIONS = (
					"DEBUG=1",
					"$(inherited)",
				);
				GCC_WARN_64_TO_32_BIT_CONVERSION = YES;
				GCC_WARN_ABOUT_RETURN_TYPE = YES_ERROR;
				GCC_WARN_UNDECLARED_SELECTOR = YES;
				GCC_WARN_UNINITIALIZED_AUTOS = YES_AGGRESSIVE;
				GCC_WARN_UNUSED_FUNCTION = YES;
				GCC_WARN_UNUSED_VARIABLE = YES;
				IPHONEOS_DEPLOYMENT_TARGET = 18.0;
				LOCALIZATION_PREFERS_STRING_CATALOGS = YES;
				MTL_ENABLE_DEBUG_INFO = INCLUDE_SOURCE;
				MTL_FAST_MATH = YES;
				ONLY_ACTIVE_ARCH = YES;
				SDKROOT = iphoneos;
				SWIFT_ACTIVE_COMPILATION_CONDITIONS = "DEBUG $(inherited)";
				SWIFT_OPTIMIZATION_LEVEL = "-Onone";
			};
			name = Debug;
		};
		0199B4082C9AB334006253EF /* Release */ = {
			isa = XCBuildConfiguration;
			buildSettings = {
				ALWAYS_SEARCH_USER_PATHS = NO;
				ASSETCATALOG_COMPILER_GENERATE_SWIFT_ASSET_SYMBOL_EXTENSIONS = YES;
				CLANG_ANALYZER_NONNULL = YES;
				CLANG_ANALYZER_NUMBER_OBJECT_CONVERSION = YES_AGGRESSIVE;
				CLANG_CXX_LANGUAGE_STANDARD = "gnu++20";
				CLANG_ENABLE_MODULES = YES;
				CLANG_ENABLE_OBJC_ARC = YES;
				CLANG_ENABLE_OBJC_WEAK = YES;
				CLANG_WARN_BLOCK_CAPTURE_AUTORELEASING = YES;
				CLANG_WARN_BOOL_CONVERSION = YES;
				CLANG_WARN_COMMA = YES;
				CLANG_WARN_CONSTANT_CONVERSION = YES;
				CLANG_WARN_DEPRECATED_OBJC_IMPLEMENTATIONS = YES;
				CLANG_WARN_DIRECT_OBJC_ISA_USAGE = YES_ERROR;
				CLANG_WARN_DOCUMENTATION_COMMENTS = YES;
				CLANG_WARN_EMPTY_BODY = YES;
				CLANG_WARN_ENUM_CONVERSION = YES;
				CLANG_WARN_INFINITE_RECURSION = YES;
				CLANG_WARN_INT_CONVERSION = YES;
				CLANG_WARN_NON_LITERAL_NULL_CONVERSION = YES;
				CLANG_WARN_OBJC_IMPLICIT_RETAIN_SELF = YES;
				CLANG_WARN_OBJC_LITERAL_CONVERSION = YES;
				CLANG_WARN_OBJC_ROOT_CLASS = YES_ERROR;
				CLANG_WARN_QUOTED_INCLUDE_IN_FRAMEWORK_HEADER = YES;
				CLANG_WARN_RANGE_LOOP_ANALYSIS = YES;
				CLANG_WARN_STRICT_PROTOTYPES = YES;
				CLANG_WARN_SUSPICIOUS_MOVE = YES;
				CLANG_WARN_UNGUARDED_AVAILABILITY = YES_AGGRESSIVE;
				CLANG_WARN_UNREACHABLE_CODE = YES;
				CLANG_WARN__DUPLICATE_METHOD_MATCH = YES;
				COPY_PHASE_STRIP = NO;
				DEBUG_INFORMATION_FORMAT = "dwarf-with-dsym";
				ENABLE_NS_ASSERTIONS = NO;
				ENABLE_STRICT_OBJC_MSGSEND = YES;
				ENABLE_USER_SCRIPT_SANDBOXING = YES;
				GCC_C_LANGUAGE_STANDARD = gnu17;
				GCC_NO_COMMON_BLOCKS = YES;
				GCC_WARN_64_TO_32_BIT_CONVERSION = YES;
				GCC_WARN_ABOUT_RETURN_TYPE = YES_ERROR;
				GCC_WARN_UNDECLARED_SELECTOR = YES;
				GCC_WARN_UNINITIALIZED_AUTOS = YES_AGGRESSIVE;
				GCC_WARN_UNUSED_FUNCTION = YES;
				GCC_WARN_UNUSED_VARIABLE = YES;
				IPHONEOS_DEPLOYMENT_TARGET = 18.0;
				LOCALIZATION_PREFERS_STRING_CATALOGS = YES;
				MTL_ENABLE_DEBUG_INFO = NO;
				MTL_FAST_MATH = YES;
				SDKROOT = iphoneos;
				SWIFT_COMPILATION_MODE = wholemodule;
				VALIDATE_PRODUCT = YES;
			};
			name = Release;
		};
		0199B40A2C9AB334006253EF /* Debug */ = {
			isa = XCBuildConfiguration;
			buildSettings = {
				ASSETCATALOG_COMPILER_APPICON_NAME = AppIcon;
				ASSETCATALOG_COMPILER_GLOBAL_ACCENT_COLOR_NAME = AccentColor;
				CODE_SIGN_STYLE = Automatic;
				CURRENT_PROJECT_VERSION = 1;
				DEVELOPMENT_TEAM = 57V9Y33D2J;
				GENERATE_INFOPLIST_FILE = YES;
				INFOPLIST_FILE = FruitHub/Resource/Info.plist;
				INFOPLIST_KEY_UIApplicationSupportsIndirectInputEvents = YES;
				INFOPLIST_KEY_UILaunchStoryboardName = LaunchScreen;
				INFOPLIST_KEY_UISupportedInterfaceOrientations_iPad = "UIInterfaceOrientationPortrait UIInterfaceOrientationPortraitUpsideDown UIInterfaceOrientationLandscapeLeft UIInterfaceOrientationLandscapeRight";
				INFOPLIST_KEY_UISupportedInterfaceOrientations_iPhone = "UIInterfaceOrientationPortrait UIInterfaceOrientationLandscapeLeft UIInterfaceOrientationLandscapeRight";
				LD_RUNPATH_SEARCH_PATHS = (
					"$(inherited)",
					"@executable_path/Frameworks",
				);
				MARKETING_VERSION = 1.0;
				PRODUCT_BUNDLE_IDENTIFIER = tms.by.FruitHub;
				PRODUCT_NAME = "$(TARGET_NAME)";
				SWIFT_EMIT_LOC_STRINGS = YES;
				SWIFT_VERSION = 5.0;
				TARGETED_DEVICE_FAMILY = "1,2";
			};
			name = Debug;
		};
		0199B40B2C9AB334006253EF /* Release */ = {
			isa = XCBuildConfiguration;
			buildSettings = {
				ASSETCATALOG_COMPILER_APPICON_NAME = AppIcon;
				ASSETCATALOG_COMPILER_GLOBAL_ACCENT_COLOR_NAME = AccentColor;
				CODE_SIGN_STYLE = Automatic;
				CURRENT_PROJECT_VERSION = 1;
				DEVELOPMENT_TEAM = 57V9Y33D2J;
				GENERATE_INFOPLIST_FILE = YES;
				INFOPLIST_FILE = FruitHub/Resource/Info.plist;
				INFOPLIST_KEY_UIApplicationSupportsIndirectInputEvents = YES;
				INFOPLIST_KEY_UILaunchStoryboardName = LaunchScreen;
				INFOPLIST_KEY_UISupportedInterfaceOrientations_iPad = "UIInterfaceOrientationPortrait UIInterfaceOrientationPortraitUpsideDown UIInterfaceOrientationLandscapeLeft UIInterfaceOrientationLandscapeRight";
				INFOPLIST_KEY_UISupportedInterfaceOrientations_iPhone = "UIInterfaceOrientationPortrait UIInterfaceOrientationLandscapeLeft UIInterfaceOrientationLandscapeRight";
				LD_RUNPATH_SEARCH_PATHS = (
					"$(inherited)",
					"@executable_path/Frameworks",
				);
				MARKETING_VERSION = 1.0;
				PRODUCT_BUNDLE_IDENTIFIER = tms.by.FruitHub;
				PRODUCT_NAME = "$(TARGET_NAME)";
				SWIFT_EMIT_LOC_STRINGS = YES;
				SWIFT_VERSION = 5.0;
				TARGETED_DEVICE_FAMILY = "1,2";
			};
			name = Release;
		};
/* End XCBuildConfiguration section */

/* Begin XCConfigurationList section */
		0199B3F02C9AB332006253EF /* Build configuration list for PBXProject "FruitHub" */ = {
			isa = XCConfigurationList;
			buildConfigurations = (
				0199B4072C9AB334006253EF /* Debug */,
				0199B4082C9AB334006253EF /* Release */,
			);
			defaultConfigurationIsVisible = 0;
			defaultConfigurationName = Release;
		};
		0199B4092C9AB334006253EF /* Build configuration list for PBXNativeTarget "FruitHub" */ = {
			isa = XCConfigurationList;
			buildConfigurations = (
				0199B40A2C9AB334006253EF /* Debug */,
				0199B40B2C9AB334006253EF /* Release */,
			);
			defaultConfigurationIsVisible = 0;
			defaultConfigurationName = Release;
		};
/* End XCConfigurationList section */

/* Begin XCRemoteSwiftPackageReference section */
		0125B57C2CC7EE9200D7FC39 /* XCRemoteSwiftPackageReference "firebase-ios-sdk" */ = {
			isa = XCRemoteSwiftPackageReference;
			repositoryURL = "https://github.com/firebase/firebase-ios-sdk";
			requirement = {
				kind = upToNextMajorVersion;
				minimumVersion = 11.4.0;
			};
		};
		0157A2AC2CA2BFC9005FEE4E /* XCRemoteSwiftPackageReference "SDWebImage" */ = {
			isa = XCRemoteSwiftPackageReference;
			repositoryURL = "https://github.com/SDWebImage/SDWebImage.git";
			requirement = {
				kind = upToNextMajorVersion;
				minimumVersion = 5.19.7;
			};
		};
/* End XCRemoteSwiftPackageReference section */

/* Begin XCSwiftPackageProductDependency section */
		0125B57D2CC7EE9200D7FC39 /* FirebaseCore */ = {
			isa = XCSwiftPackageProductDependency;
			package = 0125B57C2CC7EE9200D7FC39 /* XCRemoteSwiftPackageReference "firebase-ios-sdk" */;
			productName = FirebaseCore;
		};
		0125B57F2CC7EE9200D7FC39 /* FirebaseDatabase */ = {
			isa = XCSwiftPackageProductDependency;
			package = 0125B57C2CC7EE9200D7FC39 /* XCRemoteSwiftPackageReference "firebase-ios-sdk" */;
			productName = FirebaseDatabase;
		};
		0125B5812CC7EE9200D7FC39 /* FirebaseFirestore */ = {
			isa = XCSwiftPackageProductDependency;
			package = 0125B57C2CC7EE9200D7FC39 /* XCRemoteSwiftPackageReference "firebase-ios-sdk" */;
			productName = FirebaseFirestore;
		};
		0125B5832CC7EE9200D7FC39 /* FirebaseStorage */ = {
			isa = XCSwiftPackageProductDependency;
			package = 0125B57C2CC7EE9200D7FC39 /* XCRemoteSwiftPackageReference "firebase-ios-sdk" */;
			productName = FirebaseStorage;
		};
		0157A2AD2CA2BFC9005FEE4E /* SDWebImage */ = {
			isa = XCSwiftPackageProductDependency;
			package = 0157A2AC2CA2BFC9005FEE4E /* XCRemoteSwiftPackageReference "SDWebImage" */;
			productName = SDWebImage;
		};
		0157A2AF2CA2BFC9005FEE4E /* SDWebImageMapKit */ = {
			isa = XCSwiftPackageProductDependency;
			package = 0157A2AC2CA2BFC9005FEE4E /* XCRemoteSwiftPackageReference "SDWebImage" */;
			productName = SDWebImageMapKit;
		};
/* End XCSwiftPackageProductDependency section */
	};
	rootObject = 0199B3ED2C9AB332006253EF /* Project object */;
}
